// !$*UTF8*$!
{
	archiveVersion = 1;
	classes = {
	};
	objectVersion = 46;
	objects = {

/* Begin PBXBuildFile section */
		1D3623260D0F684500981E51 /* ChattyAppDelegate.m in Sources */ = {isa = PBXBuildFile; fileRef = 1D3623250D0F684500981E51 /* ChattyAppDelegate.m */; };
		1D60589B0D05DD56006BFB54 /* main.m in Sources */ = {isa = PBXBuildFile; fileRef = 29B97316FDCFA39411CA2CEA /* main.m */; };
		1D60589F0D05DD5A006BFB54 /* Foundation.framework in Frameworks */ = {isa = PBXBuildFile; fileRef = 1D30AB110D05D00D00671497 /* Foundation.framework */; };
		1DF5F4E00D08C38300B7A737 /* UIKit.framework in Frameworks */ = {isa = PBXBuildFile; fileRef = 1DF5F4DF0D08C38300B7A737 /* UIKit.framework */; };
		288765A50DF7441C002DB57D /* CoreGraphics.framework in Frameworks */ = {isa = PBXBuildFile; fileRef = 288765A40DF7441C002DB57D /* CoreGraphics.framework */; };
		2899E5220DE3E06400AC0155 /* ChattyViewController.xib in Resources */ = {isa = PBXBuildFile; fileRef = 2899E5210DE3E06400AC0155 /* ChattyViewController.xib */; };
		28AD733F0D9D9553002E5188 /* MainWindow.xib in Resources */ = {isa = PBXBuildFile; fileRef = 28AD733E0D9D9553002E5188 /* MainWindow.xib */; };
		28D7ACF80DDB3853001CB0EB /* ChattyViewController.m in Sources */ = {isa = PBXBuildFile; fileRef = 28D7ACF70DDB3853001CB0EB /* ChattyViewController.m */; };
		D039DF4E0F9E50E100C77B72 /* WelcomeViewController.xib in Resources */ = {isa = PBXBuildFile; fileRef = D039DF4D0F9E50E100C77B72 /* WelcomeViewController.xib */; };
		D039DF550F9E515F00C77B72 /* WelcomeViewController.m in Sources */ = {isa = PBXBuildFile; fileRef = D039DF540F9E515F00C77B72 /* WelcomeViewController.m */; };
		D043D7F30F94AA2A0030638C /* Server.m in Sources */ = {isa = PBXBuildFile; fileRef = D043D7F20F94AA2A0030638C /* Server.m */; };
		D043D7FB0F94B0BD0030638C /* Connection.m in Sources */ = {isa = PBXBuildFile; fileRef = D043D7FA0F94B0BD0030638C /* Connection.m */; };
		D043D8060F99B6A90030638C /* RemoteRoom.m in Sources */ = {isa = PBXBuildFile; fileRef = D043D8050F99B6A90030638C /* RemoteRoom.m */; };
		D043D8480F99BB250030638C /* LocalRoom.m in Sources */ = {isa = PBXBuildFile; fileRef = D043D8470F99BB250030638C /* LocalRoom.m */; };
		D043D8EF0F9A1C980030638C /* CFNetwork.framework in Frameworks */ = {isa = PBXBuildFile; fileRef = D043D8EE0F9A1C980030638C /* CFNetwork.framework */; };
		D043D91A0F9CB4A60030638C /* AppConfig.m in Sources */ = {isa = PBXBuildFile; fileRef = D043D9190F9CB4A60030638C /* AppConfig.m */; };
		D043DA9D0F9CEA100030638C /* ServerBrowser.m in Sources */ = {isa = PBXBuildFile; fileRef = D043DA9C0F9CEA100030638C /* ServerBrowser.m */; };
		D0510A520F9E00BB00B735FA /* Room.m in Sources */ = {isa = PBXBuildFile; fileRef = D0510A510F9E00BB00B735FA /* Room.m */; };
		D0510A700F9E14ED00B735FA /* UITextView+Utils.m in Sources */ = {isa = PBXBuildFile; fileRef = D0510A6E0F9E14ED00B735FA /* UITextView+Utils.m */; };
		DA00F31D15A98EFE005B2F4B /* TKD Score-iPad.plist in Resources */ = {isa = PBXBuildFile; fileRef = DA00F31C15A98EFE005B2F4B /* TKD Score-iPad.plist */; };
		DA00F33B15A9A85C005B2F4B /* DownArrow@1x.png in Resources */ = {isa = PBXBuildFile; fileRef = DA00F33215A9A85C005B2F4B /* DownArrow@1x.png */; };
		DA00F33C15A9A85C005B2F4B /* DownArrow@2x.png in Resources */ = {isa = PBXBuildFile; fileRef = DA00F33315A9A85C005B2F4B /* DownArrow@2x.png */; };
		DA00F33D15A9A85C005B2F4B /* LeftArrow@1x.png in Resources */ = {isa = PBXBuildFile; fileRef = DA00F33415A9A85C005B2F4B /* LeftArrow@1x.png */; };
		DA00F33E15A9A85C005B2F4B /* LeftArrow@2x.png in Resources */ = {isa = PBXBuildFile; fileRef = DA00F33515A9A85C005B2F4B /* LeftArrow@2x.png */; };
		DA00F34015A9A85C005B2F4B /* RightArrow@1x.png in Resources */ = {isa = PBXBuildFile; fileRef = DA00F33715A9A85C005B2F4B /* RightArrow@1x.png */; };
		DA00F34115A9A85C005B2F4B /* RightArrow@2x.png in Resources */ = {isa = PBXBuildFile; fileRef = DA00F33815A9A85C005B2F4B /* RightArrow@2x.png */; };
		DA00F34215A9A85C005B2F4B /* UpArrow@1x.png in Resources */ = {isa = PBXBuildFile; fileRef = DA00F33915A9A85C005B2F4B /* UpArrow@1x.png */; };
		DA00F34315A9A85C005B2F4B /* UpArrow@2x.png in Resources */ = {isa = PBXBuildFile; fileRef = DA00F33A15A9A85C005B2F4B /* UpArrow@2x.png */; };
		DA00F34A15A9AB31005B2F4B /* ScoreControlView.xib in Resources */ = {isa = PBXBuildFile; fileRef = DA78B48115A96F0600E186CC /* ScoreControlView.xib */; };
		DA00F38015A9DC92005B2F4B /* app2.png in Resources */ = {isa = PBXBuildFile; fileRef = DA00F37D15A9DC92005B2F4B /* app2.png */; };
		DA00F38115A9DC92005B2F4B /* icon.png in Resources */ = {isa = PBXBuildFile; fileRef = DA00F37E15A9DC92005B2F4B /* icon.png */; };
		DA00F38215A9DC92005B2F4B /* Icon@2x.png in Resources */ = {isa = PBXBuildFile; fileRef = DA00F37F15A9DC92005B2F4B /* Icon@2x.png */; };
		DA00F38315A9DCDD005B2F4B /* app2.png in Resources */ = {isa = PBXBuildFile; fileRef = DA00F37D15A9DC92005B2F4B /* app2.png */; };
		DA10C1CE15B117A400153392 /* StaticTableGroupData.m in Sources */ = {isa = PBXBuildFile; fileRef = DA10C1CD15B117A400153392 /* StaticTableGroupData.m */; };
		DA279BF015B16BB400C6B1DC /* AFPickerView.m in Sources */ = {isa = PBXBuildFile; fileRef = DA279BEF15B16BB400C6B1DC /* AFPickerView.m */; };
		DA279C0915B178A100C6B1DC /* TPKeyboardAvoidingScrollView.m in Sources */ = {isa = PBXBuildFile; fileRef = DA279C0815B178A100C6B1DC /* TPKeyboardAvoidingScrollView.m */; };
		DA43FDB015B5DA840083D1B7 /* AlertView.m in Sources */ = {isa = PBXBuildFile; fileRef = DA43FDAB15B5DA840083D1B7 /* AlertView.m */; };
		DA43FDB115B5DA840083D1B7 /* AlertView.m in Sources */ = {isa = PBXBuildFile; fileRef = DA43FDAB15B5DA840083D1B7 /* AlertView.m */; };
		DA43FDB215B5DA840083D1B7 /* UIImageActionSheet.m in Sources */ = {isa = PBXBuildFile; fileRef = DA43FDAD15B5DA840083D1B7 /* UIImageActionSheet.m */; };
		DA43FDB315B5DA840083D1B7 /* UIImageActionSheet.m in Sources */ = {isa = PBXBuildFile; fileRef = DA43FDAD15B5DA840083D1B7 /* UIImageActionSheet.m */; };
		DA43FDB415B5DA840083D1B7 /* UILoadingBox.m in Sources */ = {isa = PBXBuildFile; fileRef = DA43FDAF15B5DA840083D1B7 /* UILoadingBox.m */; };
		DA43FDB515B5DA840083D1B7 /* UILoadingBox.m in Sources */ = {isa = PBXBuildFile; fileRef = DA43FDAF15B5DA840083D1B7 /* UILoadingBox.m */; };
		DA43FDB715B5DF1C0083D1B7 /* alert-close.png in Resources */ = {isa = PBXBuildFile; fileRef = DA43FDB615B5DF1C0083D1B7 /* alert-close.png */; };
		DA43FDB815B5DF1C0083D1B7 /* alert-close.png in Resources */ = {isa = PBXBuildFile; fileRef = DA43FDB615B5DF1C0083D1B7 /* alert-close.png */; };
		DA78B45415A96F0100E186CC /* main.m in Sources */ = {isa = PBXBuildFile; fileRef = 29B97316FDCFA39411CA2CEA /* main.m */; };
		DA78B45515A96F0100E186CC /* ChattyAppDelegate.m in Sources */ = {isa = PBXBuildFile; fileRef = 1D3623250D0F684500981E51 /* ChattyAppDelegate.m */; };
		DA78B45615A96F0100E186CC /* ChattyViewController.m in Sources */ = {isa = PBXBuildFile; fileRef = 28D7ACF70DDB3853001CB0EB /* ChattyViewController.m */; };
		DA78B45715A96F0100E186CC /* Server.m in Sources */ = {isa = PBXBuildFile; fileRef = D043D7F20F94AA2A0030638C /* Server.m */; };
		DA78B45815A96F0100E186CC /* Connection.m in Sources */ = {isa = PBXBuildFile; fileRef = D043D7FA0F94B0BD0030638C /* Connection.m */; };
		DA78B45915A96F0100E186CC /* RemoteRoom.m in Sources */ = {isa = PBXBuildFile; fileRef = D043D8050F99B6A90030638C /* RemoteRoom.m */; };
		DA78B45A15A96F0100E186CC /* LocalRoom.m in Sources */ = {isa = PBXBuildFile; fileRef = D043D8470F99BB250030638C /* LocalRoom.m */; };
		DA78B45B15A96F0100E186CC /* AppConfig.m in Sources */ = {isa = PBXBuildFile; fileRef = D043D9190F9CB4A60030638C /* AppConfig.m */; };
		DA78B45C15A96F0100E186CC /* ServerBrowser.m in Sources */ = {isa = PBXBuildFile; fileRef = D043DA9C0F9CEA100030638C /* ServerBrowser.m */; };
		DA78B45D15A96F0100E186CC /* Room.m in Sources */ = {isa = PBXBuildFile; fileRef = D0510A510F9E00BB00B735FA /* Room.m */; };
		DA78B45E15A96F0100E186CC /* UITextView+Utils.m in Sources */ = {isa = PBXBuildFile; fileRef = D0510A6E0F9E14ED00B735FA /* UITextView+Utils.m */; };
		DA78B45F15A96F0100E186CC /* WelcomeViewController.m in Sources */ = {isa = PBXBuildFile; fileRef = D039DF540F9E515F00C77B72 /* WelcomeViewController.m */; };
		DA78B46015A96F0100E186CC /* NSObject+SBJson.m in Sources */ = {isa = PBXBuildFile; fileRef = DAF65A09159EEF63001BEA75 /* NSObject+SBJson.m */; };
		DA78B46115A96F0100E186CC /* SBJsonParser.m in Sources */ = {isa = PBXBuildFile; fileRef = DAF65A0C159EEF63001BEA75 /* SBJsonParser.m */; };
		DA78B46215A96F0100E186CC /* SBJsonStreamParser.m in Sources */ = {isa = PBXBuildFile; fileRef = DAF65A0E159EEF63001BEA75 /* SBJsonStreamParser.m */; };
		DA78B46315A96F0100E186CC /* SBJsonStreamParserAccumulator.m in Sources */ = {isa = PBXBuildFile; fileRef = DAF65A10159EEF63001BEA75 /* SBJsonStreamParserAccumulator.m */; };
		DA78B46415A96F0100E186CC /* SBJsonStreamParserAdapter.m in Sources */ = {isa = PBXBuildFile; fileRef = DAF65A12159EEF63001BEA75 /* SBJsonStreamParserAdapter.m */; };
		DA78B46515A96F0100E186CC /* SBJsonStreamParserState.m in Sources */ = {isa = PBXBuildFile; fileRef = DAF65A14159EEF63001BEA75 /* SBJsonStreamParserState.m */; };
		DA78B46615A96F0100E186CC /* SBJsonStreamWriter.m in Sources */ = {isa = PBXBuildFile; fileRef = DAF65A16159EEF63001BEA75 /* SBJsonStreamWriter.m */; };
		DA78B46715A96F0100E186CC /* SBJsonStreamWriterAccumulator.m in Sources */ = {isa = PBXBuildFile; fileRef = DAF65A18159EEF63001BEA75 /* SBJsonStreamWriterAccumulator.m */; };
		DA78B46815A96F0100E186CC /* SBJsonStreamWriterState.m in Sources */ = {isa = PBXBuildFile; fileRef = DAF65A1A159EEF63001BEA75 /* SBJsonStreamWriterState.m */; };
		DA78B46915A96F0100E186CC /* SBJsonTokeniser.m in Sources */ = {isa = PBXBuildFile; fileRef = DAF65A1C159EEF63001BEA75 /* SBJsonTokeniser.m */; };
		DA78B46A15A96F0100E186CC /* SBJsonUTF8Stream.m in Sources */ = {isa = PBXBuildFile; fileRef = DAF65A1E159EEF63001BEA75 /* SBJsonUTF8Stream.m */; };
		DA78B46B15A96F0100E186CC /* SBJsonWriter.m in Sources */ = {isa = PBXBuildFile; fileRef = DAF65A20159EEF63001BEA75 /* SBJsonWriter.m */; };
		DA78B46C15A96F0100E186CC /* WaitingForViewControler.m in Sources */ = {isa = PBXBuildFile; fileRef = DAF65A22159EEF63001BEA75 /* WaitingForViewControler.m */; };
		DA78B46D15A96F0100E186CC /* ScoreControlViewController.m in Sources */ = {isa = PBXBuildFile; fileRef = DAF65A96159F29B1001BEA75 /* ScoreControlViewController.m */; };
		DA78B46E15A96F0100E186CC /* ScoreBoardViewController.m in Sources */ = {isa = PBXBuildFile; fileRef = DAF65AA8159F2F1E001BEA75 /* ScoreBoardViewController.m */; };
		DA78B46F15A96F0100E186CC /* CommandMsg.m in Sources */ = {isa = PBXBuildFile; fileRef = DAE735BE15A84AAE00C84157 /* CommandMsg.m */; };
		DA78B47015A96F0100E186CC /* PermitControlView.m in Sources */ = {isa = PBXBuildFile; fileRef = DAE735C315A889C900C84157 /* PermitControlView.m */; };
		DA78B47315A96F0100E186CC /* Foundation.framework in Frameworks */ = {isa = PBXBuildFile; fileRef = 1D30AB110D05D00D00671497 /* Foundation.framework */; };
		DA78B47415A96F0100E186CC /* UIKit.framework in Frameworks */ = {isa = PBXBuildFile; fileRef = 1DF5F4DF0D08C38300B7A737 /* UIKit.framework */; };
		DA78B47515A96F0100E186CC /* CoreGraphics.framework in Frameworks */ = {isa = PBXBuildFile; fileRef = 288765A40DF7441C002DB57D /* CoreGraphics.framework */; };
		DA78B47615A96F0100E186CC /* CFNetwork.framework in Frameworks */ = {isa = PBXBuildFile; fileRef = D043D8EE0F9A1C980030638C /* CFNetwork.framework */; };
		DA78B48615A96F0600E186CC /* ChattyViewController.xib in Resources */ = {isa = PBXBuildFile; fileRef = DA78B47F15A96F0600E186CC /* ChattyViewController.xib */; };
		DA78B48A15A96F0600E186CC /* PermitControlView.xib in Resources */ = {isa = PBXBuildFile; fileRef = DA78B48315A96F0600E186CC /* PermitControlView.xib */; };
		DAD80F3D15B2A852004B76B4 /* WelcomeViewController.xib in Resources */ = {isa = PBXBuildFile; fileRef = DAD80F3B15B2A773004B76B4 /* WelcomeViewController.xib */; };
		DAE4183A15B132F300C7BC8D /* GameSettingViewController.m in Sources */ = {isa = PBXBuildFile; fileRef = DAE73CC015AC77340083CAF1 /* GameSettingViewController.m */; };
		DAE459F215B25E8900F9A847 /* AFPickerView.m in Sources */ = {isa = PBXBuildFile; fileRef = DA279BEF15B16BB400C6B1DC /* AFPickerView.m */; };
		DAE459F415B25E9000F9A847 /* TPKeyboardAvoidingScrollView.m in Sources */ = {isa = PBXBuildFile; fileRef = DA279C0815B178A100C6B1DC /* TPKeyboardAvoidingScrollView.m */; };
		DAE459F515B25E9800F9A847 /* UIHelper.m in Sources */ = {isa = PBXBuildFile; fileRef = DAF8F5B515B13C9600497FC5 /* UIHelper.m */; };
		DAE459F615B25EA600F9A847 /* ServerSetting.m in Sources */ = {isa = PBXBuildFile; fileRef = DAF8F5B815B14CCE00497FC5 /* ServerSetting.m */; };
		DAE45A4D15B2601B00F9A847 /* GameSettingView.xib in Resources */ = {isa = PBXBuildFile; fileRef = DAE45A4015B25FB000F9A847 /* GameSettingView.xib */; };
		DAE45AAE15B2733A00F9A847 /* PickerBG.png in Resources */ = {isa = PBXBuildFile; fileRef = DAE45AAB15B2733A00F9A847 /* PickerBG.png */; };
		DAE45AAF15B2733A00F9A847 /* pickerGlassHightlight.png in Resources */ = {isa = PBXBuildFile; fileRef = DAE45AAC15B2733A00F9A847 /* pickerGlassHightlight.png */; };
		DAE45AB015B2733A00F9A847 /* PickerShadow.png in Resources */ = {isa = PBXBuildFile; fileRef = DAE45AAD15B2733A00F9A847 /* PickerShadow.png */; };
		DAE45AB715B273A100F9A847 /* PickerBG.png in Resources */ = {isa = PBXBuildFile; fileRef = DAE45AB115B2737A00F9A847 /* PickerBG.png */; };
		DAE45AB815B273A600F9A847 /* pickerGlassHIghtlight.png in Resources */ = {isa = PBXBuildFile; fileRef = DAE45AB215B2737A00F9A847 /* pickerGlassHIghtlight.png */; };
		DAE45AB915B273AA00F9A847 /* PickerShadow.png in Resources */ = {isa = PBXBuildFile; fileRef = DAE45AB315B2737A00F9A847 /* PickerShadow.png */; };
		DAE45ABA15B278E700F9A847 /* ScoreBoardView.xib in Resources */ = {isa = PBXBuildFile; fileRef = DAE45A9915B262F500F9A847 /* ScoreBoardView.xib */; };
		DAE498EF15BA47C600C21671 /* GameInfo.m in Sources */ = {isa = PBXBuildFile; fileRef = DAE498EE15BA47C600C21671 /* GameInfo.m */; };
		DAE498F015BA47C600C21671 /* GameInfo.m in Sources */ = {isa = PBXBuildFile; fileRef = DAE498EE15BA47C600C21671 /* GameInfo.m */; };
		DAE498F415BA525700C21671 /* Reachability.m in Sources */ = {isa = PBXBuildFile; fileRef = DAE498F315BA525700C21671 /* Reachability.m */; };
		DAE498F515BA525700C21671 /* Reachability.m in Sources */ = {isa = PBXBuildFile; fileRef = DAE498F315BA525700C21671 /* Reachability.m */; };
		DAE498F715BA52CB00C21671 /* SystemConfiguration.framework in Frameworks */ = {isa = PBXBuildFile; fileRef = DAE498F615BA52CB00C21671 /* SystemConfiguration.framework */; };
		DAE498F815BA52E400C21671 /* SystemConfiguration.framework in Frameworks */ = {isa = PBXBuildFile; fileRef = DAE498F615BA52CB00C21671 /* SystemConfiguration.framework */; };
		DAE4991115BA821700C21671 /* UIView+JMNoise.m in Sources */ = {isa = PBXBuildFile; fileRef = DAE498FD15BA821700C21671 /* UIView+JMNoise.m */; };
		DAE4991215BA821700C21671 /* UIView+JMNoise.m in Sources */ = {isa = PBXBuildFile; fileRef = DAE498FD15BA821700C21671 /* UIView+JMNoise.m */; };
		DAE4991315BA821700C21671 /* close.png in Resources */ = {isa = PBXBuildFile; fileRef = DAE498FF15BA821700C21671 /* close.png */; };
		DAE4991415BA821700C21671 /* close.png in Resources */ = {isa = PBXBuildFile; fileRef = DAE498FF15BA821700C21671 /* close.png */; };
		DAE4991515BA821700C21671 /* close@2x.png in Resources */ = {isa = PBXBuildFile; fileRef = DAE4990015BA821700C21671 /* close@2x.png */; };
		DAE4991615BA821700C21671 /* close@2x.png in Resources */ = {isa = PBXBuildFile; fileRef = DAE4990015BA821700C21671 /* close@2x.png */; };
		DAE4991715BA821700C21671 /* modalButton-selected.png in Resources */ = {isa = PBXBuildFile; fileRef = DAE4990115BA821700C21671 /* modalButton-selected.png */; };
		DAE4991815BA821700C21671 /* modalButton-selected.png in Resources */ = {isa = PBXBuildFile; fileRef = DAE4990115BA821700C21671 /* modalButton-selected.png */; };
		DAE4991915BA821700C21671 /* modalButton-selected@2x.png in Resources */ = {isa = PBXBuildFile; fileRef = DAE4990215BA821700C21671 /* modalButton-selected@2x.png */; };
		DAE4991A15BA821700C21671 /* modalButton-selected@2x.png in Resources */ = {isa = PBXBuildFile; fileRef = DAE4990215BA821700C21671 /* modalButton-selected@2x.png */; };
		DAE4991B15BA821700C21671 /* modalButton.png in Resources */ = {isa = PBXBuildFile; fileRef = DAE4990315BA821700C21671 /* modalButton.png */; };
		DAE4991C15BA821700C21671 /* modalButton.png in Resources */ = {isa = PBXBuildFile; fileRef = DAE4990315BA821700C21671 /* modalButton.png */; };
		DAE4991D15BA821700C21671 /* modalButton@2x.png in Resources */ = {isa = PBXBuildFile; fileRef = DAE4990415BA821700C21671 /* modalButton@2x.png */; };
		DAE4991E15BA821700C21671 /* modalButton@2x.png in Resources */ = {isa = PBXBuildFile; fileRef = DAE4990415BA821700C21671 /* modalButton@2x.png */; };
		DAE4991F15BA821700C21671 /* UAModalPanel.m in Sources */ = {isa = PBXBuildFile; fileRef = DAE4990715BA821700C21671 /* UAModalPanel.m */; };
		DAE4992015BA821700C21671 /* UAModalPanel.m in Sources */ = {isa = PBXBuildFile; fileRef = DAE4990715BA821700C21671 /* UAModalPanel.m */; };
		DAE4992115BA821700C21671 /* UATitledModalPanel.m in Sources */ = {isa = PBXBuildFile; fileRef = DAE4990915BA821700C21671 /* UATitledModalPanel.m */; };
		DAE4992215BA821700C21671 /* UATitledModalPanel.m in Sources */ = {isa = PBXBuildFile; fileRef = DAE4990915BA821700C21671 /* UATitledModalPanel.m */; };
		DAE4992315BA821700C21671 /* UAGradientBackground.m in Sources */ = {isa = PBXBuildFile; fileRef = DAE4990C15BA821700C21671 /* UAGradientBackground.m */; };
		DAE4992415BA821700C21671 /* UAGradientBackground.m in Sources */ = {isa = PBXBuildFile; fileRef = DAE4990C15BA821700C21671 /* UAGradientBackground.m */; };
		DAE4992515BA821700C21671 /* UANoisyGradientBackground.m in Sources */ = {isa = PBXBuildFile; fileRef = DAE4990E15BA821700C21671 /* UANoisyGradientBackground.m */; };
		DAE4992615BA821700C21671 /* UANoisyGradientBackground.m in Sources */ = {isa = PBXBuildFile; fileRef = DAE4990E15BA821700C21671 /* UANoisyGradientBackground.m */; };
		DAE4992715BA821700C21671 /* UARoundedRectView.m in Sources */ = {isa = PBXBuildFile; fileRef = DAE4991015BA821700C21671 /* UARoundedRectView.m */; };
		DAE4992815BA821700C21671 /* UARoundedRectView.m in Sources */ = {isa = PBXBuildFile; fileRef = DAE4991015BA821700C21671 /* UARoundedRectView.m */; };
		DAE4992A15BA829500C21671 /* QuartzCore.framework in Frameworks */ = {isa = PBXBuildFile; fileRef = DAE4992915BA829400C21671 /* QuartzCore.framework */; };
		DAE4992B15BA829F00C21671 /* QuartzCore.framework in Frameworks */ = {isa = PBXBuildFile; fileRef = DAE4992915BA829400C21671 /* QuartzCore.framework */; };
		DAE4992F15BA851000C21671 /* UIWaitForUserViewController.m in Sources */ = {isa = PBXBuildFile; fileRef = DAE4992D15BA850E00C21671 /* UIWaitForUserViewController.m */; };
		DAE4993015BA851000C21671 /* UIWaitForUserViewController.m in Sources */ = {isa = PBXBuildFile; fileRef = DAE4992D15BA850E00C21671 /* UIWaitForUserViewController.m */; };
		DAE4993115BA851000C21671 /* UIWaitForUserView.xib in Resources */ = {isa = PBXBuildFile; fileRef = DAE4992E15BA850F00C21671 /* UIWaitForUserView.xib */; };
		DAE4993215BA851000C21671 /* UIWaitForUserView.xib in Resources */ = {isa = PBXBuildFile; fileRef = DAE4992E15BA850F00C21671 /* UIWaitForUserView.xib */; };
		DAE4993515BAA44500C21671 /* JudgeClientInfo.m in Sources */ = {isa = PBXBuildFile; fileRef = DAE4993415BAA44500C21671 /* JudgeClientInfo.m */; };
		DAE4993615BAA44500C21671 /* JudgeClientInfo.m in Sources */ = {isa = PBXBuildFile; fileRef = DAE4993415BAA44500C21671 /* JudgeClientInfo.m */; };
		DAE64A0315B3137F0062A2B9 /* PeerClient.m in Sources */ = {isa = PBXBuildFile; fileRef = DAE64A0215B3137F0062A2B9 /* PeerClient.m */; };
		DAE64A0415B3137F0062A2B9 /* PeerClient.m in Sources */ = {isa = PBXBuildFile; fileRef = DAE64A0215B3137F0062A2B9 /* PeerClient.m */; };
		DAE64A0515B313830062A2B9 /* PeerServer.m in Sources */ = {isa = PBXBuildFile; fileRef = DAE804F515B3055000CBC42F /* PeerServer.m */; };
		DAE735BF15A84AAE00C84157 /* CommandMsg.m in Sources */ = {isa = PBXBuildFile; fileRef = DAE735BE15A84AAE00C84157 /* CommandMsg.m */; };
		DAE735C415A889CA00C84157 /* PermitControlView.m in Sources */ = {isa = PBXBuildFile; fileRef = DAE735C315A889C900C84157 /* PermitControlView.m */; };
		DAE735C615A889DE00C84157 /* PermitControlView.xib in Resources */ = {isa = PBXBuildFile; fileRef = DAE735C515A889DE00C84157 /* PermitControlView.xib */; };
		DAE73CC215AC77340083CAF1 /* GameSettingViewController.m in Sources */ = {isa = PBXBuildFile; fileRef = DAE73CC015AC77340083CAF1 /* GameSettingViewController.m */; };
		DAE73CC315AC77340083CAF1 /* GameSettingView.xib in Resources */ = {isa = PBXBuildFile; fileRef = DAE73CC115AC77340083CAF1 /* GameSettingView.xib */; };
		DAE7A26515B42BAC001FF160 /* PeerBrowser.m in Sources */ = {isa = PBXBuildFile; fileRef = DAE7A26415B42BAC001FF160 /* PeerBrowser.m */; };
		DAE7A26915B42DE1001FF160 /* Definition.m in Sources */ = {isa = PBXBuildFile; fileRef = DAE7A26815B42DE1001FF160 /* Definition.m */; };
		DAE7A26B15B4371A001FF160 /* GameKit.framework in Frameworks */ = {isa = PBXBuildFile; fileRef = DAE7A26A15B4371A001FF160 /* GameKit.framework */; };
		DAE7A26C15B43730001FF160 /* GameKit.framework in Frameworks */ = {isa = PBXBuildFile; fileRef = DAE7A26A15B4371A001FF160 /* GameKit.framework */; };
		DAE7A27415B46D05001FF160 /* ServerRelateInfo.m in Sources */ = {isa = PBXBuildFile; fileRef = DAE7A27315B46D04001FF160 /* ServerRelateInfo.m */; };
		DAE7E4DE15B9A7EE009B456F /* 54-lock.png in Resources */ = {isa = PBXBuildFile; fileRef = DAE7E4DD15B9A7EE009B456F /* 54-lock.png */; };
		DAE7E4DF15B9A7EE009B456F /* 54-lock.png in Resources */ = {isa = PBXBuildFile; fileRef = DAE7E4DD15B9A7EE009B456F /* 54-lock.png */; };
		DAE7E4E815B9BD46009B456F /* UIPasswordBox.m in Sources */ = {isa = PBXBuildFile; fileRef = DAE7E4E715B9BD46009B456F /* UIPasswordBox.m */; };
		DAE7E4E915B9BD46009B456F /* UIPasswordBox.m in Sources */ = {isa = PBXBuildFile; fileRef = DAE7E4E715B9BD46009B456F /* UIPasswordBox.m */; };
		DAE7E6B415B8223100363399 /* BluetoothManager.framework in Frameworks */ = {isa = PBXBuildFile; fileRef = DAE7E6B315B8223100363399 /* BluetoothManager.framework */; };
		DAE7E6B615B82C9000363399 /* MainWindow.xib in Resources */ = {isa = PBXBuildFile; fileRef = DAE7E6B515B82C9000363399 /* MainWindow.xib */; };
		DAE7E6B715B82CD700363399 /* PeerBrowser.m in Sources */ = {isa = PBXBuildFile; fileRef = DAE7A26415B42BAC001FF160 /* PeerBrowser.m */; };
		DAE7E6B815B82CDA00363399 /* ServerRelateInfo.m in Sources */ = {isa = PBXBuildFile; fileRef = DAE7A27315B46D04001FF160 /* ServerRelateInfo.m */; };
		DAE7E6B915B82D2500363399 /* BluetoothManager.framework in Frameworks */ = {isa = PBXBuildFile; fileRef = DAE7E6B315B8223100363399 /* BluetoothManager.framework */; };
		DAE804F615B3055000CBC42F /* PeerServer.m in Sources */ = {isa = PBXBuildFile; fileRef = DAE804F515B3055000CBC42F /* PeerServer.m */; };
		DAF65A23159EEF63001BEA75 /* NSObject+SBJson.m in Sources */ = {isa = PBXBuildFile; fileRef = DAF65A09159EEF63001BEA75 /* NSObject+SBJson.m */; };
		DAF65A24159EEF63001BEA75 /* SBJsonParser.m in Sources */ = {isa = PBXBuildFile; fileRef = DAF65A0C159EEF63001BEA75 /* SBJsonParser.m */; };
		DAF65A25159EEF63001BEA75 /* SBJsonStreamParser.m in Sources */ = {isa = PBXBuildFile; fileRef = DAF65A0E159EEF63001BEA75 /* SBJsonStreamParser.m */; };
		DAF65A26159EEF63001BEA75 /* SBJsonStreamParserAccumulator.m in Sources */ = {isa = PBXBuildFile; fileRef = DAF65A10159EEF63001BEA75 /* SBJsonStreamParserAccumulator.m */; };
		DAF65A27159EEF63001BEA75 /* SBJsonStreamParserAdapter.m in Sources */ = {isa = PBXBuildFile; fileRef = DAF65A12159EEF63001BEA75 /* SBJsonStreamParserAdapter.m */; };
		DAF65A28159EEF63001BEA75 /* SBJsonStreamParserState.m in Sources */ = {isa = PBXBuildFile; fileRef = DAF65A14159EEF63001BEA75 /* SBJsonStreamParserState.m */; };
		DAF65A29159EEF63001BEA75 /* SBJsonStreamWriter.m in Sources */ = {isa = PBXBuildFile; fileRef = DAF65A16159EEF63001BEA75 /* SBJsonStreamWriter.m */; };
		DAF65A2A159EEF63001BEA75 /* SBJsonStreamWriterAccumulator.m in Sources */ = {isa = PBXBuildFile; fileRef = DAF65A18159EEF63001BEA75 /* SBJsonStreamWriterAccumulator.m */; };
		DAF65A2B159EEF63001BEA75 /* SBJsonStreamWriterState.m in Sources */ = {isa = PBXBuildFile; fileRef = DAF65A1A159EEF63001BEA75 /* SBJsonStreamWriterState.m */; };
		DAF65A2C159EEF63001BEA75 /* SBJsonTokeniser.m in Sources */ = {isa = PBXBuildFile; fileRef = DAF65A1C159EEF63001BEA75 /* SBJsonTokeniser.m */; };
		DAF65A2D159EEF63001BEA75 /* SBJsonUTF8Stream.m in Sources */ = {isa = PBXBuildFile; fileRef = DAF65A1E159EEF63001BEA75 /* SBJsonUTF8Stream.m */; };
		DAF65A2E159EEF63001BEA75 /* SBJsonWriter.m in Sources */ = {isa = PBXBuildFile; fileRef = DAF65A20159EEF63001BEA75 /* SBJsonWriter.m */; };
		DAF65A2F159EEF63001BEA75 /* WaitingForViewControler.m in Sources */ = {isa = PBXBuildFile; fileRef = DAF65A22159EEF63001BEA75 /* WaitingForViewControler.m */; };
		DAF65A97159F29B1001BEA75 /* ScoreControlViewController.m in Sources */ = {isa = PBXBuildFile; fileRef = DAF65A96159F29B1001BEA75 /* ScoreControlViewController.m */; };
		DAF65A99159F29C6001BEA75 /* ScoreControlView.xib in Resources */ = {isa = PBXBuildFile; fileRef = DAF65A98159F29C6001BEA75 /* ScoreControlView.xib */; };
		DAF65AA3159F2DE5001BEA75 /* ScoreBoardView.xib in Resources */ = {isa = PBXBuildFile; fileRef = DAF65AA2159F2DE5001BEA75 /* ScoreBoardView.xib */; };
		DAF65AA9159F2F1E001BEA75 /* ScoreBoardViewController.m in Sources */ = {isa = PBXBuildFile; fileRef = DAF65AA8159F2F1E001BEA75 /* ScoreBoardViewController.m */; };
		DAF8F5B615B13C9600497FC5 /* UIHelper.m in Sources */ = {isa = PBXBuildFile; fileRef = DAF8F5B515B13C9600497FC5 /* UIHelper.m */; };
		DAF8F5B915B14CCE00497FC5 /* ServerSetting.m in Sources */ = {isa = PBXBuildFile; fileRef = DAF8F5B815B14CCE00497FC5 /* ServerSetting.m */; };
/* End PBXBuildFile section */

/* Begin PBXFileReference section */
		1D30AB110D05D00D00671497 /* Foundation.framework */ = {isa = PBXFileReference; lastKnownFileType = wrapper.framework; name = Foundation.framework; path = System/Library/Frameworks/Foundation.framework; sourceTree = SDKROOT; };
		1D3623240D0F684500981E51 /* ChattyAppDelegate.h */ = {isa = PBXFileReference; fileEncoding = 4; lastKnownFileType = sourcecode.c.h; path = ChattyAppDelegate.h; sourceTree = "<group>"; };
		1D3623250D0F684500981E51 /* ChattyAppDelegate.m */ = {isa = PBXFileReference; fileEncoding = 4; lastKnownFileType = sourcecode.c.objc; path = ChattyAppDelegate.m; sourceTree = "<group>"; };
		1D6058910D05DD3D006BFB54 /* TKD Score.app */ = {isa = PBXFileReference; explicitFileType = wrapper.application; includeInIndex = 0; path = "TKD Score.app"; sourceTree = BUILT_PRODUCTS_DIR; };
		1DF5F4DF0D08C38300B7A737 /* UIKit.framework */ = {isa = PBXFileReference; lastKnownFileType = wrapper.framework; name = UIKit.framework; path = System/Library/Frameworks/UIKit.framework; sourceTree = SDKROOT; };
		288765A40DF7441C002DB57D /* CoreGraphics.framework */ = {isa = PBXFileReference; lastKnownFileType = wrapper.framework; name = CoreGraphics.framework; path = System/Library/Frameworks/CoreGraphics.framework; sourceTree = SDKROOT; };
		2899E5210DE3E06400AC0155 /* ChattyViewController.xib */ = {isa = PBXFileReference; lastKnownFileType = file.xib; path = ChattyViewController.xib; sourceTree = "<group>"; };
		28AD733E0D9D9553002E5188 /* MainWindow.xib */ = {isa = PBXFileReference; lastKnownFileType = file.xib; path = MainWindow.xib; sourceTree = "<group>"; };
		28D7ACF60DDB3853001CB0EB /* ChattyViewController.h */ = {isa = PBXFileReference; fileEncoding = 4; lastKnownFileType = sourcecode.c.h; path = ChattyViewController.h; sourceTree = "<group>"; };
		28D7ACF70DDB3853001CB0EB /* ChattyViewController.m */ = {isa = PBXFileReference; fileEncoding = 4; lastKnownFileType = sourcecode.c.objc; path = ChattyViewController.m; sourceTree = "<group>"; };
		29B97316FDCFA39411CA2CEA /* main.m */ = {isa = PBXFileReference; fileEncoding = 4; lastKnownFileType = sourcecode.c.objc; path = main.m; sourceTree = "<group>"; };
		32CA4F630368D1EE00C91783 /* TKD Score_Prefix.pch */ = {isa = PBXFileReference; fileEncoding = 4; lastKnownFileType = sourcecode.c.h; path = "TKD Score_Prefix.pch"; sourceTree = "<group>"; };
		8D1107310486CEB800E47090 /* Info.plist */ = {isa = PBXFileReference; fileEncoding = 4; lastKnownFileType = text.plist.xml; path = Info.plist; sourceTree = "<group>"; };
		D039DD800F9E33C100C77B72 /* ServerBrowserDelegate.h */ = {isa = PBXFileReference; fileEncoding = 4; lastKnownFileType = sourcecode.c.h; path = ServerBrowserDelegate.h; sourceTree = "<group>"; };
		D039DF4D0F9E50E100C77B72 /* WelcomeViewController.xib */ = {isa = PBXFileReference; lastKnownFileType = file.xib; path = WelcomeViewController.xib; sourceTree = "<group>"; };
		D039DF530F9E515F00C77B72 /* WelcomeViewController.h */ = {isa = PBXFileReference; fileEncoding = 4; lastKnownFileType = sourcecode.c.h; path = WelcomeViewController.h; sourceTree = "<group>"; };
		D039DF540F9E515F00C77B72 /* WelcomeViewController.m */ = {isa = PBXFileReference; fileEncoding = 4; lastKnownFileType = sourcecode.c.objc; path = WelcomeViewController.m; sourceTree = "<group>"; };
		D043D7F10F94AA2A0030638C /* Server.h */ = {isa = PBXFileReference; fileEncoding = 4; lastKnownFileType = sourcecode.c.h; path = Server.h; sourceTree = "<group>"; };
		D043D7F20F94AA2A0030638C /* Server.m */ = {isa = PBXFileReference; fileEncoding = 4; lastKnownFileType = sourcecode.c.objc; path = Server.m; sourceTree = "<group>"; };
		D043D7F40F94AF8C0030638C /* ServerDelegate.h */ = {isa = PBXFileReference; fileEncoding = 4; lastKnownFileType = sourcecode.c.h; path = ServerDelegate.h; sourceTree = "<group>"; };
		D043D7F90F94B0BD0030638C /* Connection.h */ = {isa = PBXFileReference; fileEncoding = 4; lastKnownFileType = sourcecode.c.h; path = Connection.h; sourceTree = "<group>"; };
		D043D7FA0F94B0BD0030638C /* Connection.m */ = {isa = PBXFileReference; fileEncoding = 4; lastKnownFileType = sourcecode.c.objc; path = Connection.m; sourceTree = "<group>"; };
		D043D7FF0F94B27E0030638C /* ConnectionDelegate.h */ = {isa = PBXFileReference; fileEncoding = 4; lastKnownFileType = sourcecode.c.h; path = ConnectionDelegate.h; sourceTree = "<group>"; };
		D043D8020F9736E60030638C /* Room.h */ = {isa = PBXFileReference; fileEncoding = 4; lastKnownFileType = sourcecode.c.h; path = Room.h; sourceTree = "<group>"; };
		D043D8030F97459E0030638C /* RoomDelegate.h */ = {isa = PBXFileReference; fileEncoding = 4; lastKnownFileType = sourcecode.c.h; path = RoomDelegate.h; sourceTree = "<group>"; };
		D043D8040F99B6A90030638C /* RemoteRoom.h */ = {isa = PBXFileReference; fileEncoding = 4; lastKnownFileType = sourcecode.c.h; path = RemoteRoom.h; sourceTree = "<group>"; };
		D043D8050F99B6A90030638C /* RemoteRoom.m */ = {isa = PBXFileReference; fileEncoding = 4; lastKnownFileType = sourcecode.c.objc; path = RemoteRoom.m; sourceTree = "<group>"; };
		D043D8460F99BB250030638C /* LocalRoom.h */ = {isa = PBXFileReference; fileEncoding = 4; lastKnownFileType = sourcecode.c.h; path = LocalRoom.h; sourceTree = "<group>"; };
		D043D8470F99BB250030638C /* LocalRoom.m */ = {isa = PBXFileReference; fileEncoding = 4; lastKnownFileType = sourcecode.c.objc; path = LocalRoom.m; sourceTree = "<group>"; };
		D043D8EE0F9A1C980030638C /* CFNetwork.framework */ = {isa = PBXFileReference; lastKnownFileType = wrapper.framework; name = CFNetwork.framework; path = System/Library/Frameworks/CFNetwork.framework; sourceTree = SDKROOT; };
		D043D9180F9CB4A60030638C /* AppConfig.h */ = {isa = PBXFileReference; fileEncoding = 4; lastKnownFileType = sourcecode.c.h; path = AppConfig.h; sourceTree = "<group>"; };
		D043D9190F9CB4A60030638C /* AppConfig.m */ = {isa = PBXFileReference; fileEncoding = 4; lastKnownFileType = sourcecode.c.objc; path = AppConfig.m; sourceTree = "<group>"; };
		D043DA9B0F9CEA100030638C /* ServerBrowser.h */ = {isa = PBXFileReference; fileEncoding = 4; lastKnownFileType = sourcecode.c.h; path = ServerBrowser.h; sourceTree = "<group>"; };
		D043DA9C0F9CEA100030638C /* ServerBrowser.m */ = {isa = PBXFileReference; fileEncoding = 4; lastKnownFileType = sourcecode.c.objc; path = ServerBrowser.m; sourceTree = "<group>"; };
		D0510A510F9E00BB00B735FA /* Room.m */ = {isa = PBXFileReference; fileEncoding = 4; lastKnownFileType = sourcecode.c.objc; path = Room.m; sourceTree = "<group>"; };
		D0510A6E0F9E14ED00B735FA /* UITextView+Utils.m */ = {isa = PBXFileReference; fileEncoding = 4; lastKnownFileType = sourcecode.c.objc; path = "UITextView+Utils.m"; sourceTree = "<group>"; };
		D0510A6F0F9E14ED00B735FA /* UITextView+Utils.h */ = {isa = PBXFileReference; fileEncoding = 4; lastKnownFileType = sourcecode.c.h; path = "UITextView+Utils.h"; sourceTree = "<group>"; };
		DA00F31C15A98EFE005B2F4B /* TKD Score-iPad.plist */ = {isa = PBXFileReference; fileEncoding = 4; lastKnownFileType = text.plist.xml; path = "TKD Score-iPad.plist"; sourceTree = "<group>"; };
		DA00F33215A9A85C005B2F4B /* DownArrow@1x.png */ = {isa = PBXFileReference; lastKnownFileType = image.png; name = "DownArrow@1x.png"; path = "Images/DownArrow@1x.png"; sourceTree = "<group>"; };
		DA00F33315A9A85C005B2F4B /* DownArrow@2x.png */ = {isa = PBXFileReference; lastKnownFileType = image.png; name = "DownArrow@2x.png"; path = "Images/DownArrow@2x.png"; sourceTree = "<group>"; };
		DA00F33415A9A85C005B2F4B /* LeftArrow@1x.png */ = {isa = PBXFileReference; lastKnownFileType = image.png; name = "LeftArrow@1x.png"; path = "Images/LeftArrow@1x.png"; sourceTree = "<group>"; };
		DA00F33515A9A85C005B2F4B /* LeftArrow@2x.png */ = {isa = PBXFileReference; lastKnownFileType = image.png; name = "LeftArrow@2x.png"; path = "Images/LeftArrow@2x.png"; sourceTree = "<group>"; };
		DA00F33715A9A85C005B2F4B /* RightArrow@1x.png */ = {isa = PBXFileReference; lastKnownFileType = image.png; name = "RightArrow@1x.png"; path = "Images/RightArrow@1x.png"; sourceTree = "<group>"; };
		DA00F33815A9A85C005B2F4B /* RightArrow@2x.png */ = {isa = PBXFileReference; lastKnownFileType = image.png; name = "RightArrow@2x.png"; path = "Images/RightArrow@2x.png"; sourceTree = "<group>"; };
		DA00F33915A9A85C005B2F4B /* UpArrow@1x.png */ = {isa = PBXFileReference; lastKnownFileType = image.png; name = "UpArrow@1x.png"; path = "Images/UpArrow@1x.png"; sourceTree = "<group>"; };
		DA00F33A15A9A85C005B2F4B /* UpArrow@2x.png */ = {isa = PBXFileReference; lastKnownFileType = image.png; name = "UpArrow@2x.png"; path = "Images/UpArrow@2x.png"; sourceTree = "<group>"; };
		DA00F37D15A9DC92005B2F4B /* app2.png */ = {isa = PBXFileReference; lastKnownFileType = image.png; path = app2.png; sourceTree = "<group>"; };
		DA00F37E15A9DC92005B2F4B /* icon.png */ = {isa = PBXFileReference; lastKnownFileType = image.png; path = icon.png; sourceTree = "<group>"; };
		DA00F37F15A9DC92005B2F4B /* Icon@2x.png */ = {isa = PBXFileReference; lastKnownFileType = image.png; path = "Icon@2x.png"; sourceTree = "<group>"; };
		DA10C1CC15B117A400153392 /* StaticTableGroupData.h */ = {isa = PBXFileReference; fileEncoding = 4; lastKnownFileType = sourcecode.c.h; path = StaticTableGroupData.h; sourceTree = "<group>"; };
		DA10C1CD15B117A400153392 /* StaticTableGroupData.m */ = {isa = PBXFileReference; fileEncoding = 4; lastKnownFileType = sourcecode.c.objc; path = StaticTableGroupData.m; sourceTree = "<group>"; };
		DA279BEE15B16BB400C6B1DC /* AFPickerView.h */ = {isa = PBXFileReference; fileEncoding = 4; lastKnownFileType = sourcecode.c.h; name = AFPickerView.h; path = ../Controls/AFKPickerView/PickerView/AFPickerView/AFPickerView.h; sourceTree = "<group>"; };
		DA279BEF15B16BB400C6B1DC /* AFPickerView.m */ = {isa = PBXFileReference; fileEncoding = 4; lastKnownFileType = sourcecode.c.objc; name = AFPickerView.m; path = ../Controls/AFKPickerView/PickerView/AFPickerView/AFPickerView.m; sourceTree = "<group>"; };
		DA279C0715B178A100C6B1DC /* TPKeyboardAvoidingScrollView.h */ = {isa = PBXFileReference; fileEncoding = 4; lastKnownFileType = sourcecode.c.h; name = TPKeyboardAvoidingScrollView.h; path = ../Controls/TPKeyBoardAvoid/TPKeyboardAvoidingScrollView.h; sourceTree = "<group>"; };
		DA279C0815B178A100C6B1DC /* TPKeyboardAvoidingScrollView.m */ = {isa = PBXFileReference; fileEncoding = 4; lastKnownFileType = sourcecode.c.objc; name = TPKeyboardAvoidingScrollView.m; path = ../Controls/TPKeyBoardAvoid/TPKeyboardAvoidingScrollView.m; sourceTree = "<group>"; };
		DA43FDAA15B5DA840083D1B7 /* AlertView.h */ = {isa = PBXFileReference; fileEncoding = 4; lastKnownFileType = sourcecode.c.h; name = AlertView.h; path = ../../Controls/GET/AlertView.h; sourceTree = "<group>"; };
		DA43FDAB15B5DA840083D1B7 /* AlertView.m */ = {isa = PBXFileReference; fileEncoding = 4; lastKnownFileType = sourcecode.c.objc; name = AlertView.m; path = ../../Controls/GET/AlertView.m; sourceTree = "<group>"; };
		DA43FDAC15B5DA840083D1B7 /* UIImageActionSheet.h */ = {isa = PBXFileReference; fileEncoding = 4; lastKnownFileType = sourcecode.c.h; name = UIImageActionSheet.h; path = ../../Controls/GET/UIImageActionSheet.h; sourceTree = "<group>"; };
		DA43FDAD15B5DA840083D1B7 /* UIImageActionSheet.m */ = {isa = PBXFileReference; fileEncoding = 4; lastKnownFileType = sourcecode.c.objc; name = UIImageActionSheet.m; path = ../../Controls/GET/UIImageActionSheet.m; sourceTree = "<group>"; };
		DA43FDAE15B5DA840083D1B7 /* UILoadingBox.h */ = {isa = PBXFileReference; fileEncoding = 4; lastKnownFileType = sourcecode.c.h; name = UILoadingBox.h; path = ../../Controls/GET/UILoadingBox.h; sourceTree = "<group>"; };
		DA43FDAF15B5DA840083D1B7 /* UILoadingBox.m */ = {isa = PBXFileReference; fileEncoding = 4; lastKnownFileType = sourcecode.c.objc; name = UILoadingBox.m; path = ../../Controls/GET/UILoadingBox.m; sourceTree = "<group>"; };
		DA43FDB615B5DF1C0083D1B7 /* alert-close.png */ = {isa = PBXFileReference; lastKnownFileType = image.png; name = "alert-close.png"; path = "Images/alert-close.png"; sourceTree = "<group>"; };
		DA78B47A15A96F0100E186CC /* TKD Score HD.app */ = {isa = PBXFileReference; explicitFileType = wrapper.application; includeInIndex = 0; path = "TKD Score HD.app"; sourceTree = BUILT_PRODUCTS_DIR; };
		DA78B47F15A96F0600E186CC /* ChattyViewController.xib */ = {isa = PBXFileReference; lastKnownFileType = file.xib; name = ChattyViewController.xib; path = "Resources-iPad/ChattyViewController.xib"; sourceTree = "<group>"; };
		DA78B48115A96F0600E186CC /* ScoreControlView.xib */ = {isa = PBXFileReference; lastKnownFileType = file.xib; name = ScoreControlView.xib; path = "Resources-iPad/ScoreControlView.xib"; sourceTree = "<group>"; };
		DA78B48315A96F0600E186CC /* PermitControlView.xib */ = {isa = PBXFileReference; lastKnownFileType = file.xib; name = PermitControlView.xib; path = "Resources-iPad/PermitControlView.xib"; sourceTree = "<group>"; };
		DAD80F3B15B2A773004B76B4 /* WelcomeViewController.xib */ = {isa = PBXFileReference; fileEncoding = 4; lastKnownFileType = file.xib; name = WelcomeViewController.xib; path = "Resources-iPad/WelcomeViewController.xib"; sourceTree = "<group>"; };
		DAE45A4015B25FB000F9A847 /* GameSettingView.xib */ = {isa = PBXFileReference; lastKnownFileType = file.xib; name = GameSettingView.xib; path = "Resources-iPad/GameSettingView.xib"; sourceTree = "<group>"; };
		DAE45A9915B262F500F9A847 /* ScoreBoardView.xib */ = {isa = PBXFileReference; lastKnownFileType = file.xib; name = ScoreBoardView.xib; path = "Resources-iPad/ScoreBoardView.xib"; sourceTree = "<group>"; };
		DAE45AAB15B2733A00F9A847 /* PickerBG.png */ = {isa = PBXFileReference; lastKnownFileType = image.png; name = PickerBG.png; path = Images/PickerBG.png; sourceTree = "<group>"; };
		DAE45AAC15B2733A00F9A847 /* pickerGlassHightlight.png */ = {isa = PBXFileReference; lastKnownFileType = image.png; name = pickerGlassHightlight.png; path = Images/pickerGlassHightlight.png; sourceTree = "<group>"; };
		DAE45AAD15B2733A00F9A847 /* PickerShadow.png */ = {isa = PBXFileReference; lastKnownFileType = image.png; name = PickerShadow.png; path = Images/PickerShadow.png; sourceTree = "<group>"; };
		DAE45AB115B2737A00F9A847 /* PickerBG.png */ = {isa = PBXFileReference; lastKnownFileType = image.png; name = PickerBG.png; path = "Resources-iPad/PickerBG.png"; sourceTree = "<group>"; };
		DAE45AB215B2737A00F9A847 /* pickerGlassHIghtlight.png */ = {isa = PBXFileReference; lastKnownFileType = image.png; name = pickerGlassHIghtlight.png; path = "Resources-iPad/pickerGlassHIghtlight.png"; sourceTree = "<group>"; };
		DAE45AB315B2737A00F9A847 /* PickerShadow.png */ = {isa = PBXFileReference; lastKnownFileType = image.png; name = PickerShadow.png; path = "Resources-iPad/PickerShadow.png"; sourceTree = "<group>"; };
		DAE498ED15BA47C600C21671 /* GameInfo.h */ = {isa = PBXFileReference; fileEncoding = 4; lastKnownFileType = sourcecode.c.h; path = GameInfo.h; sourceTree = "<group>"; };
		DAE498EE15BA47C600C21671 /* GameInfo.m */ = {isa = PBXFileReference; fileEncoding = 4; lastKnownFileType = sourcecode.c.objc; path = GameInfo.m; sourceTree = "<group>"; };
		DAE498F215BA525700C21671 /* Reachability.h */ = {isa = PBXFileReference; fileEncoding = 4; lastKnownFileType = sourcecode.c.h; name = Reachability.h; path = ../Util/Reachability.h; sourceTree = "<group>"; };
		DAE498F315BA525700C21671 /* Reachability.m */ = {isa = PBXFileReference; fileEncoding = 4; lastKnownFileType = sourcecode.c.objc; name = Reachability.m; path = ../Util/Reachability.m; sourceTree = "<group>"; };
		DAE498F615BA52CB00C21671 /* SystemConfiguration.framework */ = {isa = PBXFileReference; lastKnownFileType = wrapper.framework; name = SystemConfiguration.framework; path = System/Library/Frameworks/SystemConfiguration.framework; sourceTree = SDKROOT; };
		DAE498FC15BA821700C21671 /* UIView+JMNoise.h */ = {isa = PBXFileReference; fileEncoding = 4; lastKnownFileType = sourcecode.c.h; path = "UIView+JMNoise.h"; sourceTree = "<group>"; };
		DAE498FD15BA821700C21671 /* UIView+JMNoise.m */ = {isa = PBXFileReference; fileEncoding = 4; lastKnownFileType = sourcecode.c.objc; path = "UIView+JMNoise.m"; sourceTree = "<group>"; };
		DAE498FF15BA821700C21671 /* close.png */ = {isa = PBXFileReference; lastKnownFileType = image.png; path = close.png; sourceTree = "<group>"; };
		DAE4990015BA821700C21671 /* close@2x.png */ = {isa = PBXFileReference; lastKnownFileType = image.png; path = "close@2x.png"; sourceTree = "<group>"; };
		DAE4990115BA821700C21671 /* modalButton-selected.png */ = {isa = PBXFileReference; lastKnownFileType = image.png; path = "modalButton-selected.png"; sourceTree = "<group>"; };
		DAE4990215BA821700C21671 /* modalButton-selected@2x.png */ = {isa = PBXFileReference; lastKnownFileType = image.png; path = "modalButton-selected@2x.png"; sourceTree = "<group>"; };
		DAE4990315BA821700C21671 /* modalButton.png */ = {isa = PBXFileReference; lastKnownFileType = image.png; path = modalButton.png; sourceTree = "<group>"; };
		DAE4990415BA821700C21671 /* modalButton@2x.png */ = {isa = PBXFileReference; lastKnownFileType = image.png; path = "modalButton@2x.png"; sourceTree = "<group>"; };
		DAE4990615BA821700C21671 /* UAModalPanel.h */ = {isa = PBXFileReference; fileEncoding = 4; lastKnownFileType = sourcecode.c.h; path = UAModalPanel.h; sourceTree = "<group>"; };
		DAE4990715BA821700C21671 /* UAModalPanel.m */ = {isa = PBXFileReference; fileEncoding = 4; lastKnownFileType = sourcecode.c.objc; path = UAModalPanel.m; sourceTree = "<group>"; };
		DAE4990815BA821700C21671 /* UATitledModalPanel.h */ = {isa = PBXFileReference; fileEncoding = 4; lastKnownFileType = sourcecode.c.h; path = UATitledModalPanel.h; sourceTree = "<group>"; };
		DAE4990915BA821700C21671 /* UATitledModalPanel.m */ = {isa = PBXFileReference; fileEncoding = 4; lastKnownFileType = sourcecode.c.objc; path = UATitledModalPanel.m; sourceTree = "<group>"; };
		DAE4990B15BA821700C21671 /* UAGradientBackground.h */ = {isa = PBXFileReference; fileEncoding = 4; lastKnownFileType = sourcecode.c.h; path = UAGradientBackground.h; sourceTree = "<group>"; };
		DAE4990C15BA821700C21671 /* UAGradientBackground.m */ = {isa = PBXFileReference; fileEncoding = 4; lastKnownFileType = sourcecode.c.objc; path = UAGradientBackground.m; sourceTree = "<group>"; };
		DAE4990D15BA821700C21671 /* UANoisyGradientBackground.h */ = {isa = PBXFileReference; fileEncoding = 4; lastKnownFileType = sourcecode.c.h; path = UANoisyGradientBackground.h; sourceTree = "<group>"; };
		DAE4990E15BA821700C21671 /* UANoisyGradientBackground.m */ = {isa = PBXFileReference; fileEncoding = 4; lastKnownFileType = sourcecode.c.objc; path = UANoisyGradientBackground.m; sourceTree = "<group>"; };
		DAE4990F15BA821700C21671 /* UARoundedRectView.h */ = {isa = PBXFileReference; fileEncoding = 4; lastKnownFileType = sourcecode.c.h; path = UARoundedRectView.h; sourceTree = "<group>"; };
		DAE4991015BA821700C21671 /* UARoundedRectView.m */ = {isa = PBXFileReference; fileEncoding = 4; lastKnownFileType = sourcecode.c.objc; path = UARoundedRectView.m; sourceTree = "<group>"; };
		DAE4992915BA829400C21671 /* QuartzCore.framework */ = {isa = PBXFileReference; lastKnownFileType = wrapper.framework; name = QuartzCore.framework; path = System/Library/Frameworks/QuartzCore.framework; sourceTree = SDKROOT; };
		DAE4992C15BA850E00C21671 /* UIWaitForUserViewController.h */ = {isa = PBXFileReference; fileEncoding = 4; lastKnownFileType = sourcecode.c.h; path = UIWaitForUserViewController.h; sourceTree = "<group>"; };
		DAE4992D15BA850E00C21671 /* UIWaitForUserViewController.m */ = {isa = PBXFileReference; fileEncoding = 4; lastKnownFileType = sourcecode.c.objc; path = UIWaitForUserViewController.m; sourceTree = "<group>"; };
		DAE4992E15BA850F00C21671 /* UIWaitForUserView.xib */ = {isa = PBXFileReference; fileEncoding = 4; lastKnownFileType = file.xib; name = UIWaitForUserView.xib; path = Classes/UIWaitForUserView.xib; sourceTree = "<group>"; };
		DAE4993315BAA44500C21671 /* JudgeClientInfo.h */ = {isa = PBXFileReference; fileEncoding = 4; lastKnownFileType = sourcecode.c.h; path = JudgeClientInfo.h; sourceTree = "<group>"; };
		DAE4993415BAA44500C21671 /* JudgeClientInfo.m */ = {isa = PBXFileReference; fileEncoding = 4; lastKnownFileType = sourcecode.c.objc; path = JudgeClientInfo.m; sourceTree = "<group>"; };
		DAE64A0115B3137F0062A2B9 /* PeerClient.h */ = {isa = PBXFileReference; fileEncoding = 4; lastKnownFileType = sourcecode.c.h; path = PeerClient.h; sourceTree = "<group>"; };
		DAE64A0215B3137F0062A2B9 /* PeerClient.m */ = {isa = PBXFileReference; fileEncoding = 4; lastKnownFileType = sourcecode.c.objc; path = PeerClient.m; sourceTree = "<group>"; };
		DAE735BD15A84AAE00C84157 /* CommandMsg.h */ = {isa = PBXFileReference; fileEncoding = 4; lastKnownFileType = sourcecode.c.h; path = CommandMsg.h; sourceTree = "<group>"; };
		DAE735BE15A84AAE00C84157 /* CommandMsg.m */ = {isa = PBXFileReference; fileEncoding = 4; lastKnownFileType = sourcecode.c.objc; path = CommandMsg.m; sourceTree = "<group>"; };
		DAE735C215A889C900C84157 /* PermitControlView.h */ = {isa = PBXFileReference; fileEncoding = 4; lastKnownFileType = sourcecode.c.h; path = PermitControlView.h; sourceTree = SOURCE_ROOT; };
		DAE735C315A889C900C84157 /* PermitControlView.m */ = {isa = PBXFileReference; fileEncoding = 4; lastKnownFileType = sourcecode.c.objc; path = PermitControlView.m; sourceTree = SOURCE_ROOT; };
		DAE735C515A889DE00C84157 /* PermitControlView.xib */ = {isa = PBXFileReference; fileEncoding = 4; lastKnownFileType = file.xib; path = PermitControlView.xib; sourceTree = "<group>"; };
		DAE73CBF15AC77340083CAF1 /* GameSettingViewController.h */ = {isa = PBXFileReference; fileEncoding = 4; lastKnownFileType = sourcecode.c.h; name = GameSettingViewController.h; path = ../GameSettingViewController.h; sourceTree = "<group>"; };
		DAE73CC015AC77340083CAF1 /* GameSettingViewController.m */ = {isa = PBXFileReference; fileEncoding = 4; lastKnownFileType = sourcecode.c.objc; name = GameSettingViewController.m; path = ../GameSettingViewController.m; sourceTree = "<group>"; };
		DAE73CC115AC77340083CAF1 /* GameSettingView.xib */ = {isa = PBXFileReference; fileEncoding = 4; lastKnownFileType = file.xib; path = GameSettingView.xib; sourceTree = "<group>"; };
		DAE7A26315B42BAC001FF160 /* PeerBrowser.h */ = {isa = PBXFileReference; fileEncoding = 4; lastKnownFileType = sourcecode.c.h; path = PeerBrowser.h; sourceTree = "<group>"; };
		DAE7A26415B42BAC001FF160 /* PeerBrowser.m */ = {isa = PBXFileReference; fileEncoding = 4; lastKnownFileType = sourcecode.c.objc; path = PeerBrowser.m; sourceTree = "<group>"; };
		DAE7A26715B42DE1001FF160 /* Definition.h */ = {isa = PBXFileReference; fileEncoding = 4; lastKnownFileType = sourcecode.c.h; path = Definition.h; sourceTree = "<group>"; };
		DAE7A26815B42DE1001FF160 /* Definition.m */ = {isa = PBXFileReference; fileEncoding = 4; lastKnownFileType = sourcecode.c.objc; path = Definition.m; sourceTree = "<group>"; };
		DAE7A26A15B4371A001FF160 /* GameKit.framework */ = {isa = PBXFileReference; lastKnownFileType = wrapper.framework; name = GameKit.framework; path = System/Library/Frameworks/GameKit.framework; sourceTree = SDKROOT; };
		DAE7A27215B46D04001FF160 /* ServerRelateInfo.h */ = {isa = PBXFileReference; fileEncoding = 4; lastKnownFileType = sourcecode.c.h; path = ServerRelateInfo.h; sourceTree = "<group>"; };
		DAE7A27315B46D04001FF160 /* ServerRelateInfo.m */ = {isa = PBXFileReference; fileEncoding = 4; lastKnownFileType = sourcecode.c.objc; path = ServerRelateInfo.m; sourceTree = "<group>"; };
		DAE7A27515B474AC001FF160 /* PeerServerDelegate.h */ = {isa = PBXFileReference; fileEncoding = 4; lastKnownFileType = sourcecode.c.h; path = PeerServerDelegate.h; sourceTree = "<group>"; };
		DAE7E4DD15B9A7EE009B456F /* 54-lock.png */ = {isa = PBXFileReference; lastKnownFileType = image.png; name = "54-lock.png"; path = "Images/54-lock.png"; sourceTree = "<group>"; };
		DAE7E4E615B9BD46009B456F /* UIPasswordBox.h */ = {isa = PBXFileReference; fileEncoding = 4; lastKnownFileType = sourcecode.c.h; name = UIPasswordBox.h; path = ../../Controls/GET/UIPasswordBox.h; sourceTree = "<group>"; };
		DAE7E4E715B9BD46009B456F /* UIPasswordBox.m */ = {isa = PBXFileReference; fileEncoding = 4; lastKnownFileType = sourcecode.c.objc; name = UIPasswordBox.m; path = ../../Controls/GET/UIPasswordBox.m; sourceTree = "<group>"; };
		DAE7E6AD15B81E4E00363399 /* BluetoothAudioJack.h */ = {isa = PBXFileReference; fileEncoding = 4; lastKnownFileType = sourcecode.c.h; name = BluetoothAudioJack.h; path = ../BluetoothManager/BluetoothAudioJack.h; sourceTree = "<group>"; };
		DAE7E6AE15B81E4E00363399 /* BluetoothDevice.h */ = {isa = PBXFileReference; fileEncoding = 4; lastKnownFileType = sourcecode.c.h; name = BluetoothDevice.h; path = ../BluetoothManager/BluetoothDevice.h; sourceTree = "<group>"; };
		DAE7E6AF15B81E4E00363399 /* BluetoothManager.h */ = {isa = PBXFileReference; fileEncoding = 4; lastKnownFileType = sourcecode.c.h; name = BluetoothManager.h; path = ../BluetoothManager/BluetoothManager.h; sourceTree = "<group>"; };
		DAE7E6B015B81E4E00363399 /* CDStructures.h */ = {isa = PBXFileReference; fileEncoding = 4; lastKnownFileType = sourcecode.c.h; name = CDStructures.h; path = ../BluetoothManager/CDStructures.h; sourceTree = "<group>"; };
		DAE7E6B315B8223100363399 /* BluetoothManager.framework */ = {isa = PBXFileReference; lastKnownFileType = wrapper.framework; name = BluetoothManager.framework; path = System/Library/PrivateFrameworks/BluetoothManager.framework; sourceTree = SDKROOT; };
		DAE7E6B515B82C9000363399 /* MainWindow.xib */ = {isa = PBXFileReference; fileEncoding = 4; lastKnownFileType = file.xib; name = MainWindow.xib; path = "Resources-iPad/MainWindow.xib"; sourceTree = "<group>"; };
		DAE7E70C15B82DE900363399 /* ScoreControlView.xib */ = {isa = PBXFileReference; lastKnownFileType = file.xib; name = ScoreControlView.xib; path = "Resources-iPad/ScoreControlView.xib"; sourceTree = "<group>"; };
		DAE7E70D15B82DE900363399 /* ScoreBoardView.xib */ = {isa = PBXFileReference; lastKnownFileType = file.xib; name = ScoreBoardView.xib; path = "Resources-iPad/ScoreBoardView.xib"; sourceTree = "<group>"; };
		DAE804F415B3055000CBC42F /* PeerServer.h */ = {isa = PBXFileReference; fileEncoding = 4; lastKnownFileType = sourcecode.c.h; path = PeerServer.h; sourceTree = "<group>"; };
		DAE804F515B3055000CBC42F /* PeerServer.m */ = {isa = PBXFileReference; fileEncoding = 4; lastKnownFileType = sourcecode.c.objc; path = PeerServer.m; sourceTree = "<group>"; };
		DAF65A08159EEF63001BEA75 /* NSObject+SBJson.h */ = {isa = PBXFileReference; fileEncoding = 4; lastKnownFileType = sourcecode.c.h; name = "NSObject+SBJson.h"; path = "../SBJson/Classes/NSObject+SBJson.h"; sourceTree = "<group>"; };
		DAF65A09159EEF63001BEA75 /* NSObject+SBJson.m */ = {isa = PBXFileReference; fileEncoding = 4; lastKnownFileType = sourcecode.c.objc; name = "NSObject+SBJson.m"; path = "../SBJson/Classes/NSObject+SBJson.m"; sourceTree = "<group>"; };
		DAF65A0A159EEF63001BEA75 /* SBJson.h */ = {isa = PBXFileReference; fileEncoding = 4; lastKnownFileType = sourcecode.c.h; name = SBJson.h; path = ../SBJson/Classes/SBJson.h; sourceTree = "<group>"; };
		DAF65A0B159EEF63001BEA75 /* SBJsonParser.h */ = {isa = PBXFileReference; fileEncoding = 4; lastKnownFileType = sourcecode.c.h; name = SBJsonParser.h; path = ../SBJson/Classes/SBJsonParser.h; sourceTree = "<group>"; };
		DAF65A0C159EEF63001BEA75 /* SBJsonParser.m */ = {isa = PBXFileReference; fileEncoding = 4; lastKnownFileType = sourcecode.c.objc; name = SBJsonParser.m; path = ../SBJson/Classes/SBJsonParser.m; sourceTree = "<group>"; };
		DAF65A0D159EEF63001BEA75 /* SBJsonStreamParser.h */ = {isa = PBXFileReference; fileEncoding = 4; lastKnownFileType = sourcecode.c.h; name = SBJsonStreamParser.h; path = ../SBJson/Classes/SBJsonStreamParser.h; sourceTree = "<group>"; };
		DAF65A0E159EEF63001BEA75 /* SBJsonStreamParser.m */ = {isa = PBXFileReference; fileEncoding = 4; lastKnownFileType = sourcecode.c.objc; name = SBJsonStreamParser.m; path = ../SBJson/Classes/SBJsonStreamParser.m; sourceTree = "<group>"; };
		DAF65A0F159EEF63001BEA75 /* SBJsonStreamParserAccumulator.h */ = {isa = PBXFileReference; fileEncoding = 4; lastKnownFileType = sourcecode.c.h; name = SBJsonStreamParserAccumulator.h; path = ../SBJson/Classes/SBJsonStreamParserAccumulator.h; sourceTree = "<group>"; };
		DAF65A10159EEF63001BEA75 /* SBJsonStreamParserAccumulator.m */ = {isa = PBXFileReference; fileEncoding = 4; lastKnownFileType = sourcecode.c.objc; name = SBJsonStreamParserAccumulator.m; path = ../SBJson/Classes/SBJsonStreamParserAccumulator.m; sourceTree = "<group>"; };
		DAF65A11159EEF63001BEA75 /* SBJsonStreamParserAdapter.h */ = {isa = PBXFileReference; fileEncoding = 4; lastKnownFileType = sourcecode.c.h; name = SBJsonStreamParserAdapter.h; path = ../SBJson/Classes/SBJsonStreamParserAdapter.h; sourceTree = "<group>"; };
		DAF65A12159EEF63001BEA75 /* SBJsonStreamParserAdapter.m */ = {isa = PBXFileReference; fileEncoding = 4; lastKnownFileType = sourcecode.c.objc; name = SBJsonStreamParserAdapter.m; path = ../SBJson/Classes/SBJsonStreamParserAdapter.m; sourceTree = "<group>"; };
		DAF65A13159EEF63001BEA75 /* SBJsonStreamParserState.h */ = {isa = PBXFileReference; fileEncoding = 4; lastKnownFileType = sourcecode.c.h; name = SBJsonStreamParserState.h; path = ../SBJson/Classes/SBJsonStreamParserState.h; sourceTree = "<group>"; };
		DAF65A14159EEF63001BEA75 /* SBJsonStreamParserState.m */ = {isa = PBXFileReference; fileEncoding = 4; lastKnownFileType = sourcecode.c.objc; name = SBJsonStreamParserState.m; path = ../SBJson/Classes/SBJsonStreamParserState.m; sourceTree = "<group>"; };
		DAF65A15159EEF63001BEA75 /* SBJsonStreamWriter.h */ = {isa = PBXFileReference; fileEncoding = 4; lastKnownFileType = sourcecode.c.h; name = SBJsonStreamWriter.h; path = ../SBJson/Classes/SBJsonStreamWriter.h; sourceTree = "<group>"; };
		DAF65A16159EEF63001BEA75 /* SBJsonStreamWriter.m */ = {isa = PBXFileReference; fileEncoding = 4; lastKnownFileType = sourcecode.c.objc; name = SBJsonStreamWriter.m; path = ../SBJson/Classes/SBJsonStreamWriter.m; sourceTree = "<group>"; };
		DAF65A17159EEF63001BEA75 /* SBJsonStreamWriterAccumulator.h */ = {isa = PBXFileReference; fileEncoding = 4; lastKnownFileType = sourcecode.c.h; name = SBJsonStreamWriterAccumulator.h; path = ../SBJson/Classes/SBJsonStreamWriterAccumulator.h; sourceTree = "<group>"; };
		DAF65A18159EEF63001BEA75 /* SBJsonStreamWriterAccumulator.m */ = {isa = PBXFileReference; fileEncoding = 4; lastKnownFileType = sourcecode.c.objc; name = SBJsonStreamWriterAccumulator.m; path = ../SBJson/Classes/SBJsonStreamWriterAccumulator.m; sourceTree = "<group>"; };
		DAF65A19159EEF63001BEA75 /* SBJsonStreamWriterState.h */ = {isa = PBXFileReference; fileEncoding = 4; lastKnownFileType = sourcecode.c.h; name = SBJsonStreamWriterState.h; path = ../SBJson/Classes/SBJsonStreamWriterState.h; sourceTree = "<group>"; };
		DAF65A1A159EEF63001BEA75 /* SBJsonStreamWriterState.m */ = {isa = PBXFileReference; fileEncoding = 4; lastKnownFileType = sourcecode.c.objc; name = SBJsonStreamWriterState.m; path = ../SBJson/Classes/SBJsonStreamWriterState.m; sourceTree = "<group>"; };
		DAF65A1B159EEF63001BEA75 /* SBJsonTokeniser.h */ = {isa = PBXFileReference; fileEncoding = 4; lastKnownFileType = sourcecode.c.h; name = SBJsonTokeniser.h; path = ../SBJson/Classes/SBJsonTokeniser.h; sourceTree = "<group>"; };
		DAF65A1C159EEF63001BEA75 /* SBJsonTokeniser.m */ = {isa = PBXFileReference; fileEncoding = 4; lastKnownFileType = sourcecode.c.objc; name = SBJsonTokeniser.m; path = ../SBJson/Classes/SBJsonTokeniser.m; sourceTree = "<group>"; };
		DAF65A1D159EEF63001BEA75 /* SBJsonUTF8Stream.h */ = {isa = PBXFileReference; fileEncoding = 4; lastKnownFileType = sourcecode.c.h; name = SBJsonUTF8Stream.h; path = ../SBJson/Classes/SBJsonUTF8Stream.h; sourceTree = "<group>"; };
		DAF65A1E159EEF63001BEA75 /* SBJsonUTF8Stream.m */ = {isa = PBXFileReference; fileEncoding = 4; lastKnownFileType = sourcecode.c.objc; name = SBJsonUTF8Stream.m; path = ../SBJson/Classes/SBJsonUTF8Stream.m; sourceTree = "<group>"; };
		DAF65A1F159EEF63001BEA75 /* SBJsonWriter.h */ = {isa = PBXFileReference; fileEncoding = 4; lastKnownFileType = sourcecode.c.h; name = SBJsonWriter.h; path = ../SBJson/Classes/SBJsonWriter.h; sourceTree = "<group>"; };
		DAF65A20159EEF63001BEA75 /* SBJsonWriter.m */ = {isa = PBXFileReference; fileEncoding = 4; lastKnownFileType = sourcecode.c.objc; name = SBJsonWriter.m; path = ../SBJson/Classes/SBJsonWriter.m; sourceTree = "<group>"; };
		DAF65A21159EEF63001BEA75 /* WaitingForViewControler.h */ = {isa = PBXFileReference; fileEncoding = 4; lastKnownFileType = sourcecode.c.h; name = WaitingForViewControler.h; path = ../SBJson/Classes/WaitingForViewControler.h; sourceTree = "<group>"; };
		DAF65A22159EEF63001BEA75 /* WaitingForViewControler.m */ = {isa = PBXFileReference; fileEncoding = 4; lastKnownFileType = sourcecode.c.objc; name = WaitingForViewControler.m; path = ../SBJson/Classes/WaitingForViewControler.m; sourceTree = "<group>"; };
		DAF65A95159F29B0001BEA75 /* ScoreControlViewController.h */ = {isa = PBXFileReference; fileEncoding = 4; lastKnownFileType = sourcecode.c.h; path = ScoreControlViewController.h; sourceTree = "<group>"; };
		DAF65A96159F29B1001BEA75 /* ScoreControlViewController.m */ = {isa = PBXFileReference; fileEncoding = 4; lastKnownFileType = sourcecode.c.objc; path = ScoreControlViewController.m; sourceTree = "<group>"; };
		DAF65A98159F29C6001BEA75 /* ScoreControlView.xib */ = {isa = PBXFileReference; fileEncoding = 4; lastKnownFileType = file.xib; path = ScoreControlView.xib; sourceTree = "<group>"; };
		DAF65AA2159F2DE5001BEA75 /* ScoreBoardView.xib */ = {isa = PBXFileReference; fileEncoding = 4; lastKnownFileType = file.xib; path = ScoreBoardView.xib; sourceTree = "<group>"; };
		DAF65AA7159F2F1D001BEA75 /* ScoreBoardViewController.h */ = {isa = PBXFileReference; fileEncoding = 4; lastKnownFileType = sourcecode.c.h; path = ScoreBoardViewController.h; sourceTree = "<group>"; };
		DAF65AA8159F2F1E001BEA75 /* ScoreBoardViewController.m */ = {isa = PBXFileReference; fileEncoding = 4; lastKnownFileType = sourcecode.c.objc; path = ScoreBoardViewController.m; sourceTree = "<group>"; };
		DAF8F5B415B13C9600497FC5 /* UIHelper.h */ = {isa = PBXFileReference; fileEncoding = 4; lastKnownFileType = sourcecode.c.h; name = UIHelper.h; path = ../Util/UIHelper.h; sourceTree = "<group>"; };
		DAF8F5B515B13C9600497FC5 /* UIHelper.m */ = {isa = PBXFileReference; fileEncoding = 4; lastKnownFileType = sourcecode.c.objc; name = UIHelper.m; path = ../Util/UIHelper.m; sourceTree = "<group>"; };
		DAF8F5B715B14CCE00497FC5 /* ServerSetting.h */ = {isa = PBXFileReference; fileEncoding = 4; lastKnownFileType = sourcecode.c.h; path = ServerSetting.h; sourceTree = "<group>"; };
		DAF8F5B815B14CCE00497FC5 /* ServerSetting.m */ = {isa = PBXFileReference; fileEncoding = 4; lastKnownFileType = sourcecode.c.objc; path = ServerSetting.m; sourceTree = "<group>"; };
/* End PBXFileReference section */

/* Begin PBXFrameworksBuildPhase section */
		1D60588F0D05DD3D006BFB54 /* Frameworks */ = {
			isa = PBXFrameworksBuildPhase;
			buildActionMask = 2147483647;
			files = (
				DAE4992B15BA829F00C21671 /* QuartzCore.framework in Frameworks */,
				288765A50DF7441C002DB57D /* CoreGraphics.framework in Frameworks */,
				DAE498F815BA52E400C21671 /* SystemConfiguration.framework in Frameworks */,
				DAE7E6B415B8223100363399 /* BluetoothManager.framework in Frameworks */,
				DAE7A26B15B4371A001FF160 /* GameKit.framework in Frameworks */,
				1D60589F0D05DD5A006BFB54 /* Foundation.framework in Frameworks */,
				1DF5F4E00D08C38300B7A737 /* UIKit.framework in Frameworks */,
				D043D8EF0F9A1C980030638C /* CFNetwork.framework in Frameworks */,
			);
			runOnlyForDeploymentPostprocessing = 0;
		};
		DA78B47215A96F0100E186CC /* Frameworks */ = {
			isa = PBXFrameworksBuildPhase;
			buildActionMask = 2147483647;
			files = (
				DAE4992A15BA829500C21671 /* QuartzCore.framework in Frameworks */,
				DAE498F715BA52CB00C21671 /* SystemConfiguration.framework in Frameworks */,
				DAE7E6B915B82D2500363399 /* BluetoothManager.framework in Frameworks */,
				DAE7A26C15B43730001FF160 /* GameKit.framework in Frameworks */,
				DA78B47315A96F0100E186CC /* Foundation.framework in Frameworks */,
				DA78B47415A96F0100E186CC /* UIKit.framework in Frameworks */,
				DA78B47515A96F0100E186CC /* CoreGraphics.framework in Frameworks */,
				DA78B47615A96F0100E186CC /* CFNetwork.framework in Frameworks */,
			);
			runOnlyForDeploymentPostprocessing = 0;
		};
/* End PBXFrameworksBuildPhase section */

/* Begin PBXGroup section */
		080E96DDFE201D6D7F000001 /* Classes */ = {
			isa = PBXGroup;
			children = (
				DA10C1D315B11D3600153392 /* Controls */,
				DAE735BB15A8494A00C84157 /* Model */,
				D043DA070F9CC4C40030638C /* Business Logic */,
				D043D7F00F94AA0B0030638C /* Networking */,
				D0B0372F0FA61471000EC42B /* UI */,
				D0510A710F9E14F200B735FA /* Misc */,
			);
			path = Classes;
			sourceTree = "<group>";
		};
		19C28FACFE9D520D11CA2CBB /* Products */ = {
			isa = PBXGroup;
			children = (
				1D6058910D05DD3D006BFB54 /* TKD Score.app */,
				DA78B47A15A96F0100E186CC /* TKD Score HD.app */,
			);
			name = Products;
			sourceTree = "<group>";
		};
		29B97314FDCFA39411CA2CEA /* CustomTemplate */ = {
			isa = PBXGroup;
			children = (
				DA00F37F15A9DC92005B2F4B /* Icon@2x.png */,
				DA00F37D15A9DC92005B2F4B /* app2.png */,
				DADB112215A8AB3800326B24 /* Images */,
				DAF65A04159EEED1001BEA75 /* dependencies */,
				080E96DDFE201D6D7F000001 /* Classes */,
				29B97315FDCFA39411CA2CEA /* Other Sources */,
				29B97317FDCFA39411CA2CEA /* Resources */,
				DA78B47C15A96F0100E186CC /* Resources-iPad */,
				29B97323FDCFA39411CA2CEA /* Frameworks */,
				19C28FACFE9D520D11CA2CBB /* Products */,
			);
			name = CustomTemplate;
			sourceTree = "<group>";
		};
		29B97315FDCFA39411CA2CEA /* Other Sources */ = {
			isa = PBXGroup;
			children = (
				32CA4F630368D1EE00C91783 /* TKD Score_Prefix.pch */,
				29B97316FDCFA39411CA2CEA /* main.m */,
			);
			name = "Other Sources";
			sourceTree = "<group>";
		};
		29B97317FDCFA39411CA2CEA /* Resources */ = {
			isa = PBXGroup;
			children = (
				DAE4992E15BA850F00C21671 /* UIWaitForUserView.xib */,
				DAE45AAB15B2733A00F9A847 /* PickerBG.png */,
				DAE45AAC15B2733A00F9A847 /* pickerGlassHightlight.png */,
				DAE45AAD15B2733A00F9A847 /* PickerShadow.png */,
				DAE735C515A889DE00C84157 /* PermitControlView.xib */,
				DAF65A98159F29C6001BEA75 /* ScoreControlView.xib */,
				DAF65AA2159F2DE5001BEA75 /* ScoreBoardView.xib */,
				D039DF4D0F9E50E100C77B72 /* WelcomeViewController.xib */,
				2899E5210DE3E06400AC0155 /* ChattyViewController.xib */,
				28AD733E0D9D9553002E5188 /* MainWindow.xib */,
				8D1107310486CEB800E47090 /* Info.plist */,
				DAE73CC115AC77340083CAF1 /* GameSettingView.xib */,
			);
			name = Resources;
			sourceTree = "<group>";
		};
		29B97323FDCFA39411CA2CEA /* Frameworks */ = {
			isa = PBXGroup;
			children = (
				DA00F37E15A9DC92005B2F4B /* icon.png */,
				DAE4992915BA829400C21671 /* QuartzCore.framework */,
				DAE498F615BA52CB00C21671 /* SystemConfiguration.framework */,
				DAE7E6B315B8223100363399 /* BluetoothManager.framework */,
				DAE7A26A15B4371A001FF160 /* GameKit.framework */,
				D043D8EE0F9A1C980030638C /* CFNetwork.framework */,
				1DF5F4DF0D08C38300B7A737 /* UIKit.framework */,
				1D30AB110D05D00D00671497 /* Foundation.framework */,
				288765A40DF7441C002DB57D /* CoreGraphics.framework */,
			);
			name = Frameworks;
			sourceTree = "<group>";
		};
		D043D7F00F94AA0B0030638C /* Networking */ = {
			isa = PBXGroup;
			children = (
				D043D7F10F94AA2A0030638C /* Server.h */,
				D043D7F20F94AA2A0030638C /* Server.m */,
				D043D7F40F94AF8C0030638C /* ServerDelegate.h */,
				D043D7F90F94B0BD0030638C /* Connection.h */,
				D043D7FA0F94B0BD0030638C /* Connection.m */,
				D043D7FF0F94B27E0030638C /* ConnectionDelegate.h */,
				D043DA9B0F9CEA100030638C /* ServerBrowser.h */,
				D043DA9C0F9CEA100030638C /* ServerBrowser.m */,
				D039DD800F9E33C100C77B72 /* ServerBrowserDelegate.h */,
				DAE804F415B3055000CBC42F /* PeerServer.h */,
				DAE804F515B3055000CBC42F /* PeerServer.m */,
				DAE64A0115B3137F0062A2B9 /* PeerClient.h */,
				DAE64A0215B3137F0062A2B9 /* PeerClient.m */,
				DAE7A26315B42BAC001FF160 /* PeerBrowser.h */,
				DAE7A26415B42BAC001FF160 /* PeerBrowser.m */,
				DAE7A27215B46D04001FF160 /* ServerRelateInfo.h */,
				DAE7A27315B46D04001FF160 /* ServerRelateInfo.m */,
				DAE7A27515B474AC001FF160 /* PeerServerDelegate.h */,
			);
			name = Networking;
			sourceTree = "<group>";
		};
		D043DA070F9CC4C40030638C /* Business Logic */ = {
			isa = PBXGroup;
			children = (
				D043D8020F9736E60030638C /* Room.h */,
				D0510A510F9E00BB00B735FA /* Room.m */,
				D043D8030F97459E0030638C /* RoomDelegate.h */,
				D043D8040F99B6A90030638C /* RemoteRoom.h */,
				D043D8050F99B6A90030638C /* RemoteRoom.m */,
				D043D8460F99BB250030638C /* LocalRoom.h */,
				D043D8470F99BB250030638C /* LocalRoom.m */,
			);
			name = "Business Logic";
			sourceTree = "<group>";
		};
		D0510A710F9E14F200B735FA /* Misc */ = {
			isa = PBXGroup;
			children = (
				D0510A6E0F9E14ED00B735FA /* UITextView+Utils.m */,
				D0510A6F0F9E14ED00B735FA /* UITextView+Utils.h */,
				D043D9180F9CB4A60030638C /* AppConfig.h */,
				D043D9190F9CB4A60030638C /* AppConfig.m */,
				DA10C1CC15B117A400153392 /* StaticTableGroupData.h */,
				DA10C1CD15B117A400153392 /* StaticTableGroupData.m */,
				DAE7A26715B42DE1001FF160 /* Definition.h */,
				DAE7A26815B42DE1001FF160 /* Definition.m */,
			);
			name = Misc;
			sourceTree = "<group>";
		};
		D0B0372F0FA61471000EC42B /* UI */ = {
			isa = PBXGroup;
			children = (
				DAE73CBF15AC77340083CAF1 /* GameSettingViewController.h */,
				DAE73CC015AC77340083CAF1 /* GameSettingViewController.m */,
				DAE735C215A889C900C84157 /* PermitControlView.h */,
				DAE735C315A889C900C84157 /* PermitControlView.m */,
				DAF65A95159F29B0001BEA75 /* ScoreControlViewController.h */,
				DAF65A96159F29B1001BEA75 /* ScoreControlViewController.m */,
				D039DF530F9E515F00C77B72 /* WelcomeViewController.h */,
				D039DF540F9E515F00C77B72 /* WelcomeViewController.m */,
				1D3623240D0F684500981E51 /* ChattyAppDelegate.h */,
				1D3623250D0F684500981E51 /* ChattyAppDelegate.m */,
				28D7ACF60DDB3853001CB0EB /* ChattyViewController.h */,
				28D7ACF70DDB3853001CB0EB /* ChattyViewController.m */,
				DAF65AA7159F2F1D001BEA75 /* ScoreBoardViewController.h */,
				DAF65AA8159F2F1E001BEA75 /* ScoreBoardViewController.m */,
				DAE4992C15BA850E00C21671 /* UIWaitForUserViewController.h */,
				DAE4992D15BA850E00C21671 /* UIWaitForUserViewController.m */,
			);
			name = UI;
			sourceTree = "<group>";
		};
		DA10C1D315B11D3600153392 /* Controls */ = {
			isa = PBXGroup;
			children = (
				DAE7E4E615B9BD46009B456F /* UIPasswordBox.h */,
				DAE7E4E715B9BD46009B456F /* UIPasswordBox.m */,
				DA43FDAF15B5DA840083D1B7 /* UILoadingBox.m */,
				DA43FDAE15B5DA840083D1B7 /* UILoadingBox.h */,
				DA43FDAA15B5DA840083D1B7 /* AlertView.h */,
				DA43FDAB15B5DA840083D1B7 /* AlertView.m */,
				DA43FDAC15B5DA840083D1B7 /* UIImageActionSheet.h */,
				DA43FDAD15B5DA840083D1B7 /* UIImageActionSheet.m */,
			);
			name = Controls;
			sourceTree = "<group>";
		};
		DA279C0615B1787B00C6B1DC /* AvoidKeyboard */ = {
			isa = PBXGroup;
			children = (
				DA279C0715B178A100C6B1DC /* TPKeyboardAvoidingScrollView.h */,
				DA279C0815B178A100C6B1DC /* TPKeyboardAvoidingScrollView.m */,
			);
			name = AvoidKeyboard;
			sourceTree = "<group>";
		};
		DA78B47C15A96F0100E186CC /* Resources-iPad */ = {
			isa = PBXGroup;
			children = (
				DAE7E70C15B82DE900363399 /* ScoreControlView.xib */,
				DAE7E70D15B82DE900363399 /* ScoreBoardView.xib */,
				DAE7E6B515B82C9000363399 /* MainWindow.xib */,
				DA78B47F15A96F0600E186CC /* ChattyViewController.xib */,
				DAE45AB115B2737A00F9A847 /* PickerBG.png */,
				DAE45AB215B2737A00F9A847 /* pickerGlassHIghtlight.png */,
				DAE45AB315B2737A00F9A847 /* PickerShadow.png */,
				DAE45A9915B262F500F9A847 /* ScoreBoardView.xib */,
				DAE45A4015B25FB000F9A847 /* GameSettingView.xib */,
				DA00F31C15A98EFE005B2F4B /* TKD Score-iPad.plist */,
				DA78B48115A96F0600E186CC /* ScoreControlView.xib */,
				DA78B48315A96F0600E186CC /* PermitControlView.xib */,
				DAD80F3B15B2A773004B76B4 /* WelcomeViewController.xib */,
			);
			name = "Resources-iPad";
			sourceTree = "<group>";
		};
		DADB112215A8AB3800326B24 /* Images */ = {
			isa = PBXGroup;
			children = (
				DAE7E4DD15B9A7EE009B456F /* 54-lock.png */,
				DA43FDB615B5DF1C0083D1B7 /* alert-close.png */,
				DA00F33215A9A85C005B2F4B /* DownArrow@1x.png */,
				DA00F33315A9A85C005B2F4B /* DownArrow@2x.png */,
				DA00F33415A9A85C005B2F4B /* LeftArrow@1x.png */,
				DA00F33515A9A85C005B2F4B /* LeftArrow@2x.png */,
				DA00F33715A9A85C005B2F4B /* RightArrow@1x.png */,
				DA00F33815A9A85C005B2F4B /* RightArrow@2x.png */,
				DA00F33915A9A85C005B2F4B /* UpArrow@1x.png */,
				DA00F33A15A9A85C005B2F4B /* UpArrow@2x.png */,
			);
			name = Images;
			sourceTree = "<group>";
		};
		DAE498F915BA820C00C21671 /* UAModelPanel */ = {
			isa = PBXGroup;
			children = (
				DAE498FA15BA821700C21671 /* Panel */,
			);
			name = UAModelPanel;
			sourceTree = "<group>";
		};
		DAE498FA15BA821700C21671 /* Panel */ = {
			isa = PBXGroup;
			children = (
				DAE498FB15BA821700C21671 /* Categories */,
				DAE498FE15BA821700C21671 /* Images */,
				DAE4990515BA821700C21671 /* Panels */,
				DAE4990A15BA821700C21671 /* Views */,
			);
			name = Panel;
			path = ../Submodules/UAModalPanel/UAModalPanel/Panel;
			sourceTree = "<group>";
		};
		DAE498FB15BA821700C21671 /* Categories */ = {
			isa = PBXGroup;
			children = (
				DAE498FC15BA821700C21671 /* UIView+JMNoise.h */,
				DAE498FD15BA821700C21671 /* UIView+JMNoise.m */,
			);
			path = Categories;
			sourceTree = "<group>";
		};
		DAE498FE15BA821700C21671 /* Images */ = {
			isa = PBXGroup;
			children = (
				DAE498FF15BA821700C21671 /* close.png */,
				DAE4990015BA821700C21671 /* close@2x.png */,
				DAE4990115BA821700C21671 /* modalButton-selected.png */,
				DAE4990215BA821700C21671 /* modalButton-selected@2x.png */,
				DAE4990315BA821700C21671 /* modalButton.png */,
				DAE4990415BA821700C21671 /* modalButton@2x.png */,
			);
			path = Images;
			sourceTree = "<group>";
		};
		DAE4990515BA821700C21671 /* Panels */ = {
			isa = PBXGroup;
			children = (
				DAE4990615BA821700C21671 /* UAModalPanel.h */,
				DAE4990715BA821700C21671 /* UAModalPanel.m */,
				DAE4990815BA821700C21671 /* UATitledModalPanel.h */,
				DAE4990915BA821700C21671 /* UATitledModalPanel.m */,
			);
			path = Panels;
			sourceTree = "<group>";
		};
		DAE4990A15BA821700C21671 /* Views */ = {
			isa = PBXGroup;
			children = (
				DAE4990B15BA821700C21671 /* UAGradientBackground.h */,
				DAE4990C15BA821700C21671 /* UAGradientBackground.m */,
				DAE4990D15BA821700C21671 /* UANoisyGradientBackground.h */,
				DAE4990E15BA821700C21671 /* UANoisyGradientBackground.m */,
				DAE4990F15BA821700C21671 /* UARoundedRectView.h */,
				DAE4991015BA821700C21671 /* UARoundedRectView.m */,
			);
			path = Views;
			sourceTree = "<group>";
		};
		DAE735BB15A8494A00C84157 /* Model */ = {
			isa = PBXGroup;
			children = (
				DAE735BD15A84AAE00C84157 /* CommandMsg.h */,
				DAE735BE15A84AAE00C84157 /* CommandMsg.m */,
				DAF8F5B715B14CCE00497FC5 /* ServerSetting.h */,
				DAF8F5B815B14CCE00497FC5 /* ServerSetting.m */,
				DAE498ED15BA47C600C21671 /* GameInfo.h */,
				DAE498EE15BA47C600C21671 /* GameInfo.m */,
				DAE4993315BAA44500C21671 /* JudgeClientInfo.h */,
				DAE4993415BAA44500C21671 /* JudgeClientInfo.m */,
			);
			name = Model;
			sourceTree = "<group>";
		};
		DAE7E6AB15B81E2F00363399 /* BluetoothManager */ = {
			isa = PBXGroup;
			children = (
				DAE7E6AD15B81E4E00363399 /* BluetoothAudioJack.h */,
				DAE7E6AE15B81E4E00363399 /* BluetoothDevice.h */,
				DAE7E6AF15B81E4E00363399 /* BluetoothManager.h */,
				DAE7E6B015B81E4E00363399 /* CDStructures.h */,
			);
			name = BluetoothManager;
			sourceTree = "<group>";
		};
		DAF65A04159EEED1001BEA75 /* dependencies */ = {
			isa = PBXGroup;
			children = (
				DAE7E6AB15B81E2F00363399 /* BluetoothManager */,
				DAF8F5C215B1677B00497FC5 /* Controls */,
				DAF8F5B215B13C8400497FC5 /* Util */,
				DAF65A06159EEF02001BEA75 /* SBJSON */,
			);
			name = dependencies;
			sourceTree = "<group>";
		};
		DAF65A06159EEF02001BEA75 /* SBJSON */ = {
			isa = PBXGroup;
			children = (
				DAF65A07159EEF46001BEA75 /* Classes */,
			);
			name = SBJSON;
			sourceTree = "<group>";
		};
		DAF65A07159EEF46001BEA75 /* Classes */ = {
			isa = PBXGroup;
			children = (
				DAF65A08159EEF63001BEA75 /* NSObject+SBJson.h */,
				DAF65A09159EEF63001BEA75 /* NSObject+SBJson.m */,
				DAF65A0A159EEF63001BEA75 /* SBJson.h */,
				DAF65A0B159EEF63001BEA75 /* SBJsonParser.h */,
				DAF65A0C159EEF63001BEA75 /* SBJsonParser.m */,
				DAF65A0D159EEF63001BEA75 /* SBJsonStreamParser.h */,
				DAF65A0E159EEF63001BEA75 /* SBJsonStreamParser.m */,
				DAF65A0F159EEF63001BEA75 /* SBJsonStreamParserAccumulator.h */,
				DAF65A10159EEF63001BEA75 /* SBJsonStreamParserAccumulator.m */,
				DAF65A11159EEF63001BEA75 /* SBJsonStreamParserAdapter.h */,
				DAF65A12159EEF63001BEA75 /* SBJsonStreamParserAdapter.m */,
				DAF65A13159EEF63001BEA75 /* SBJsonStreamParserState.h */,
				DAF65A14159EEF63001BEA75 /* SBJsonStreamParserState.m */,
				DAF65A15159EEF63001BEA75 /* SBJsonStreamWriter.h */,
				DAF65A16159EEF63001BEA75 /* SBJsonStreamWriter.m */,
				DAF65A17159EEF63001BEA75 /* SBJsonStreamWriterAccumulator.h */,
				DAF65A18159EEF63001BEA75 /* SBJsonStreamWriterAccumulator.m */,
				DAF65A19159EEF63001BEA75 /* SBJsonStreamWriterState.h */,
				DAF65A1A159EEF63001BEA75 /* SBJsonStreamWriterState.m */,
				DAF65A1B159EEF63001BEA75 /* SBJsonTokeniser.h */,
				DAF65A1C159EEF63001BEA75 /* SBJsonTokeniser.m */,
				DAF65A1D159EEF63001BEA75 /* SBJsonUTF8Stream.h */,
				DAF65A1E159EEF63001BEA75 /* SBJsonUTF8Stream.m */,
				DAF65A1F159EEF63001BEA75 /* SBJsonWriter.h */,
				DAF65A20159EEF63001BEA75 /* SBJsonWriter.m */,
				DAF65A21159EEF63001BEA75 /* WaitingForViewControler.h */,
				DAF65A22159EEF63001BEA75 /* WaitingForViewControler.m */,
			);
			name = Classes;
			sourceTree = "<group>";
		};
		DAF8F5B215B13C8400497FC5 /* Util */ = {
			isa = PBXGroup;
			children = (
				DAE498F215BA525700C21671 /* Reachability.h */,
				DAE498F315BA525700C21671 /* Reachability.m */,
				DAF8F5B415B13C9600497FC5 /* UIHelper.h */,
				DAF8F5B515B13C9600497FC5 /* UIHelper.m */,
			);
			name = Util;
			sourceTree = "<group>";
		};
		DAF8F5C215B1677B00497FC5 /* Controls */ = {
			isa = PBXGroup;
			children = (
				DAE498F915BA820C00C21671 /* UAModelPanel */,
				DA279C0615B1787B00C6B1DC /* AvoidKeyboard */,
				DAF8F5C715B16B0D00497FC5 /* AFPickerView */,
			);
			name = Controls;
			sourceTree = "<group>";
		};
		DAF8F5C715B16B0D00497FC5 /* AFPickerView */ = {
			isa = PBXGroup;
			children = (
				DA279BEE15B16BB400C6B1DC /* AFPickerView.h */,
				DA279BEF15B16BB400C6B1DC /* AFPickerView.m */,
			);
			name = AFPickerView;
			sourceTree = "<group>";
		};
/* End PBXGroup section */

/* Begin PBXNativeTarget section */
		1D6058900D05DD3D006BFB54 /* TKD Score */ = {
			isa = PBXNativeTarget;
			buildConfigurationList = 1D6058960D05DD3E006BFB54 /* Build configuration list for PBXNativeTarget "TKD Score" */;
			buildPhases = (
				1D60588D0D05DD3D006BFB54 /* Resources */,
				1D60588E0D05DD3D006BFB54 /* Sources */,
				1D60588F0D05DD3D006BFB54 /* Frameworks */,
			);
			buildRules = (
			);
			dependencies = (
			);
			name = "TKD Score";
			productName = Chatty;
			productReference = 1D6058910D05DD3D006BFB54 /* TKD Score.app */;
			productType = "com.apple.product-type.application";
		};
		DA78B44915A96F0100E186CC /* TKD Score-iPad */ = {
			isa = PBXNativeTarget;
			buildConfigurationList = DA78B47715A96F0100E186CC /* Build configuration list for PBXNativeTarget "TKD Score-iPad" */;
			buildPhases = (
				DA78B44A15A96F0100E186CC /* Resources */,
				DA78B45315A96F0100E186CC /* Sources */,
				DA78B47215A96F0100E186CC /* Frameworks */,
			);
			buildRules = (
			);
			dependencies = (
			);
			name = "TKD Score-iPad";
			productName = Chatty;
			productReference = DA78B47A15A96F0100E186CC /* TKD Score HD.app */;
			productType = "com.apple.product-type.application";
		};
/* End PBXNativeTarget section */

/* Begin PBXProject section */
		29B97313FDCFA39411CA2CEA /* Project object */ = {
			isa = PBXProject;
			attributes = {
				LastUpgradeCheck = 0420;
			};
			buildConfigurationList = C01FCF4E08A954540054247B /* Build configuration list for PBXProject "TKD Score" */;
			compatibilityVersion = "Xcode 3.2";
			developmentRegion = English;
			hasScannedForEncodings = 1;
			knownRegions = (
				en,
			);
			mainGroup = 29B97314FDCFA39411CA2CEA /* CustomTemplate */;
			projectDirPath = "";
			projectRoot = "";
			targets = (
				1D6058900D05DD3D006BFB54 /* TKD Score */,
				DA78B44915A96F0100E186CC /* TKD Score-iPad */,
			);
		};
/* End PBXProject section */

/* Begin PBXResourcesBuildPhase section */
		1D60588D0D05DD3D006BFB54 /* Resources */ = {
			isa = PBXResourcesBuildPhase;
			buildActionMask = 2147483647;
			files = (
				28AD733F0D9D9553002E5188 /* MainWindow.xib in Resources */,
				2899E5220DE3E06400AC0155 /* ChattyViewController.xib in Resources */,
				D039DF4E0F9E50E100C77B72 /* WelcomeViewController.xib in Resources */,
				DAF65A99159F29C6001BEA75 /* ScoreControlView.xib in Resources */,
				DAF65AA3159F2DE5001BEA75 /* ScoreBoardView.xib in Resources */,
				DAE735C615A889DE00C84157 /* PermitControlView.xib in Resources */,
				DA00F31D15A98EFE005B2F4B /* TKD Score-iPad.plist in Resources */,
				DA00F33B15A9A85C005B2F4B /* DownArrow@1x.png in Resources */,
				DA00F33C15A9A85C005B2F4B /* DownArrow@2x.png in Resources */,
				DA00F33D15A9A85C005B2F4B /* LeftArrow@1x.png in Resources */,
				DA00F33E15A9A85C005B2F4B /* LeftArrow@2x.png in Resources */,
				DA00F34015A9A85C005B2F4B /* RightArrow@1x.png in Resources */,
				DA00F34115A9A85C005B2F4B /* RightArrow@2x.png in Resources */,
				DA00F34215A9A85C005B2F4B /* UpArrow@1x.png in Resources */,
				DA00F34315A9A85C005B2F4B /* UpArrow@2x.png in Resources */,
				DA00F38015A9DC92005B2F4B /* app2.png in Resources */,
				DA00F38115A9DC92005B2F4B /* icon.png in Resources */,
				DA00F38215A9DC92005B2F4B /* Icon@2x.png in Resources */,
				DAE73CC315AC77340083CAF1 /* GameSettingView.xib in Resources */,
				DAE45AAE15B2733A00F9A847 /* PickerBG.png in Resources */,
				DAE45AAF15B2733A00F9A847 /* pickerGlassHightlight.png in Resources */,
				DAE45AB015B2733A00F9A847 /* PickerShadow.png in Resources */,
				DA43FDB715B5DF1C0083D1B7 /* alert-close.png in Resources */,
				DAE7E4DE15B9A7EE009B456F /* 54-lock.png in Resources */,
				DAE4991315BA821700C21671 /* close.png in Resources */,
				DAE4991515BA821700C21671 /* close@2x.png in Resources */,
				DAE4991715BA821700C21671 /* modalButton-selected.png in Resources */,
				DAE4991915BA821700C21671 /* modalButton-selected@2x.png in Resources */,
				DAE4991B15BA821700C21671 /* modalButton.png in Resources */,
				DAE4991D15BA821700C21671 /* modalButton@2x.png in Resources */,
				DAE4993115BA851000C21671 /* UIWaitForUserView.xib in Resources */,
			);
			runOnlyForDeploymentPostprocessing = 0;
		};
		DA78B44A15A96F0100E186CC /* Resources */ = {
			isa = PBXResourcesBuildPhase;
			buildActionMask = 2147483647;
			files = (
				DA78B48615A96F0600E186CC /* ChattyViewController.xib in Resources */,
				DA78B48A15A96F0600E186CC /* PermitControlView.xib in Resources */,
				DA00F34A15A9AB31005B2F4B /* ScoreControlView.xib in Resources */,
				DA00F38315A9DCDD005B2F4B /* app2.png in Resources */,
				DAE45A4D15B2601B00F9A847 /* GameSettingView.xib in Resources */,
				DAE45AB715B273A100F9A847 /* PickerBG.png in Resources */,
				DAE45AB815B273A600F9A847 /* pickerGlassHIghtlight.png in Resources */,
				DAE45AB915B273AA00F9A847 /* PickerShadow.png in Resources */,
				DAE45ABA15B278E700F9A847 /* ScoreBoardView.xib in Resources */,
				DAD80F3D15B2A852004B76B4 /* WelcomeViewController.xib in Resources */,
				DA43FDB815B5DF1C0083D1B7 /* alert-close.png in Resources */,
				DAE7E6B615B82C9000363399 /* MainWindow.xib in Resources */,
				DAE7E4DF15B9A7EE009B456F /* 54-lock.png in Resources */,
				DAE4991415BA821700C21671 /* close.png in Resources */,
				DAE4991615BA821700C21671 /* close@2x.png in Resources */,
				DAE4991815BA821700C21671 /* modalButton-selected.png in Resources */,
				DAE4991A15BA821700C21671 /* modalButton-selected@2x.png in Resources */,
				DAE4991C15BA821700C21671 /* modalButton.png in Resources */,
				DAE4991E15BA821700C21671 /* modalButton@2x.png in Resources */,
				DAE4993215BA851000C21671 /* UIWaitForUserView.xib in Resources */,
			);
			runOnlyForDeploymentPostprocessing = 0;
		};
/* End PBXResourcesBuildPhase section */

/* Begin PBXSourcesBuildPhase section */
		1D60588E0D05DD3D006BFB54 /* Sources */ = {
			isa = PBXSourcesBuildPhase;
			buildActionMask = 2147483647;
			files = (
				1D60589B0D05DD56006BFB54 /* main.m in Sources */,
				1D3623260D0F684500981E51 /* ChattyAppDelegate.m in Sources */,
				28D7ACF80DDB3853001CB0EB /* ChattyViewController.m in Sources */,
				D043D7F30F94AA2A0030638C /* Server.m in Sources */,
				D043D7FB0F94B0BD0030638C /* Connection.m in Sources */,
				D043D8060F99B6A90030638C /* RemoteRoom.m in Sources */,
				D043D8480F99BB250030638C /* LocalRoom.m in Sources */,
				D043D91A0F9CB4A60030638C /* AppConfig.m in Sources */,
				D043DA9D0F9CEA100030638C /* ServerBrowser.m in Sources */,
				D0510A520F9E00BB00B735FA /* Room.m in Sources */,
				D0510A700F9E14ED00B735FA /* UITextView+Utils.m in Sources */,
				D039DF550F9E515F00C77B72 /* WelcomeViewController.m in Sources */,
				DAF65A23159EEF63001BEA75 /* NSObject+SBJson.m in Sources */,
				DAF65A24159EEF63001BEA75 /* SBJsonParser.m in Sources */,
				DAF65A25159EEF63001BEA75 /* SBJsonStreamParser.m in Sources */,
				DAF65A26159EEF63001BEA75 /* SBJsonStreamParserAccumulator.m in Sources */,
				DAF65A27159EEF63001BEA75 /* SBJsonStreamParserAdapter.m in Sources */,
				DAF65A28159EEF63001BEA75 /* SBJsonStreamParserState.m in Sources */,
				DAF65A29159EEF63001BEA75 /* SBJsonStreamWriter.m in Sources */,
				DAF65A2A159EEF63001BEA75 /* SBJsonStreamWriterAccumulator.m in Sources */,
				DAF65A2B159EEF63001BEA75 /* SBJsonStreamWriterState.m in Sources */,
				DAF65A2C159EEF63001BEA75 /* SBJsonTokeniser.m in Sources */,
				DAF65A2D159EEF63001BEA75 /* SBJsonUTF8Stream.m in Sources */,
				DAF65A2E159EEF63001BEA75 /* SBJsonWriter.m in Sources */,
				DAF65A2F159EEF63001BEA75 /* WaitingForViewControler.m in Sources */,
				DAF65A97159F29B1001BEA75 /* ScoreControlViewController.m in Sources */,
				DAF65AA9159F2F1E001BEA75 /* ScoreBoardViewController.m in Sources */,
				DAE735BF15A84AAE00C84157 /* CommandMsg.m in Sources */,
				DAE735C415A889CA00C84157 /* PermitControlView.m in Sources */,
				DAE73CC215AC77340083CAF1 /* GameSettingViewController.m in Sources */,
				DA10C1CE15B117A400153392 /* StaticTableGroupData.m in Sources */,
				DAF8F5B615B13C9600497FC5 /* UIHelper.m in Sources */,
				DAF8F5B915B14CCE00497FC5 /* ServerSetting.m in Sources */,
				DA279BF015B16BB400C6B1DC /* AFPickerView.m in Sources */,
				DA279C0915B178A100C6B1DC /* TPKeyboardAvoidingScrollView.m in Sources */,
				DAE804F615B3055000CBC42F /* PeerServer.m in Sources */,
				DAE64A0315B3137F0062A2B9 /* PeerClient.m in Sources */,
				DAE7A26515B42BAC001FF160 /* PeerBrowser.m in Sources */,
				DAE7A26915B42DE1001FF160 /* Definition.m in Sources */,
				DAE7A27415B46D05001FF160 /* ServerRelateInfo.m in Sources */,
				DA43FDB015B5DA840083D1B7 /* AlertView.m in Sources */,
				DA43FDB215B5DA840083D1B7 /* UIImageActionSheet.m in Sources */,
				DA43FDB415B5DA840083D1B7 /* UILoadingBox.m in Sources */,
				DAE7E4E815B9BD46009B456F /* UIPasswordBox.m in Sources */,
				DAE498EF15BA47C600C21671 /* GameInfo.m in Sources */,
				DAE498F415BA525700C21671 /* Reachability.m in Sources */,
				DAE4991115BA821700C21671 /* UIView+JMNoise.m in Sources */,
				DAE4991F15BA821700C21671 /* UAModalPanel.m in Sources */,
				DAE4992115BA821700C21671 /* UATitledModalPanel.m in Sources */,
				DAE4992315BA821700C21671 /* UAGradientBackground.m in Sources */,
				DAE4992515BA821700C21671 /* UANoisyGradientBackground.m in Sources */,
				DAE4992715BA821700C21671 /* UARoundedRectView.m in Sources */,
				DAE4992F15BA851000C21671 /* UIWaitForUserViewController.m in Sources */,
				DAE4993515BAA44500C21671 /* JudgeClientInfo.m in Sources */,
			);
			runOnlyForDeploymentPostprocessing = 0;
		};
		DA78B45315A96F0100E186CC /* Sources */ = {
			isa = PBXSourcesBuildPhase;
			buildActionMask = 2147483647;
			files = (
				DA78B45415A96F0100E186CC /* main.m in Sources */,
				DA78B45515A96F0100E186CC /* ChattyAppDelegate.m in Sources */,
				DA78B45615A96F0100E186CC /* ChattyViewController.m in Sources */,
				DA78B45715A96F0100E186CC /* Server.m in Sources */,
				DA78B45815A96F0100E186CC /* Connection.m in Sources */,
				DA78B45915A96F0100E186CC /* RemoteRoom.m in Sources */,
				DA78B45A15A96F0100E186CC /* LocalRoom.m in Sources */,
				DA78B45B15A96F0100E186CC /* AppConfig.m in Sources */,
				DA78B45C15A96F0100E186CC /* ServerBrowser.m in Sources */,
				DA78B45D15A96F0100E186CC /* Room.m in Sources */,
				DA78B45E15A96F0100E186CC /* UITextView+Utils.m in Sources */,
				DA78B45F15A96F0100E186CC /* WelcomeViewController.m in Sources */,
				DA78B46015A96F0100E186CC /* NSObject+SBJson.m in Sources */,
				DA78B46115A96F0100E186CC /* SBJsonParser.m in Sources */,
				DA78B46215A96F0100E186CC /* SBJsonStreamParser.m in Sources */,
				DA78B46315A96F0100E186CC /* SBJsonStreamParserAccumulator.m in Sources */,
				DA78B46415A96F0100E186CC /* SBJsonStreamParserAdapter.m in Sources */,
				DA78B46515A96F0100E186CC /* SBJsonStreamParserState.m in Sources */,
				DA78B46615A96F0100E186CC /* SBJsonStreamWriter.m in Sources */,
				DA78B46715A96F0100E186CC /* SBJsonStreamWriterAccumulator.m in Sources */,
				DA78B46815A96F0100E186CC /* SBJsonStreamWriterState.m in Sources */,
				DA78B46915A96F0100E186CC /* SBJsonTokeniser.m in Sources */,
				DA78B46A15A96F0100E186CC /* SBJsonUTF8Stream.m in Sources */,
				DA78B46B15A96F0100E186CC /* SBJsonWriter.m in Sources */,
				DA78B46C15A96F0100E186CC /* WaitingForViewControler.m in Sources */,
				DA78B46D15A96F0100E186CC /* ScoreControlViewController.m in Sources */,
				DA78B46E15A96F0100E186CC /* ScoreBoardViewController.m in Sources */,
				DA78B46F15A96F0100E186CC /* CommandMsg.m in Sources */,
				DA78B47015A96F0100E186CC /* PermitControlView.m in Sources */,
				DAE4183A15B132F300C7BC8D /* GameSettingViewController.m in Sources */,
				DAE459F215B25E8900F9A847 /* AFPickerView.m in Sources */,
				DAE459F415B25E9000F9A847 /* TPKeyboardAvoidingScrollView.m in Sources */,
				DAE459F515B25E9800F9A847 /* UIHelper.m in Sources */,
				DAE459F615B25EA600F9A847 /* ServerSetting.m in Sources */,
				DAE64A0415B3137F0062A2B9 /* PeerClient.m in Sources */,
				DAE64A0515B313830062A2B9 /* PeerServer.m in Sources */,
				DA43FDB115B5DA840083D1B7 /* AlertView.m in Sources */,
				DA43FDB315B5DA840083D1B7 /* UIImageActionSheet.m in Sources */,
				DA43FDB515B5DA840083D1B7 /* UILoadingBox.m in Sources */,
				DAE7E6B715B82CD700363399 /* PeerBrowser.m in Sources */,
				DAE7E6B815B82CDA00363399 /* ServerRelateInfo.m in Sources */,
				DAE7E4E915B9BD46009B456F /* UIPasswordBox.m in Sources */,
				DAE498F015BA47C600C21671 /* GameInfo.m in Sources */,
				DAE498F515BA525700C21671 /* Reachability.m in Sources */,
				DAE4991215BA821700C21671 /* UIView+JMNoise.m in Sources */,
				DAE4992015BA821700C21671 /* UAModalPanel.m in Sources */,
				DAE4992215BA821700C21671 /* UATitledModalPanel.m in Sources */,
				DAE4992415BA821700C21671 /* UAGradientBackground.m in Sources */,
				DAE4992615BA821700C21671 /* UANoisyGradientBackground.m in Sources */,
				DAE4992815BA821700C21671 /* UARoundedRectView.m in Sources */,
				DAE4993015BA851000C21671 /* UIWaitForUserViewController.m in Sources */,
				DAE4993615BAA44500C21671 /* JudgeClientInfo.m in Sources */,
			);
			runOnlyForDeploymentPostprocessing = 0;
		};
/* End PBXSourcesBuildPhase section */

/* Begin XCBuildConfiguration section */
		1D6058940D05DD3E006BFB54 /* Debug */ = {
			isa = XCBuildConfiguration;
			buildSettings = {
				ALWAYS_SEARCH_USER_PATHS = NO;
				ARCHS = "$(ARCHS_STANDARD_32_BIT)";
				CODE_SIGN_IDENTITY = "iPhone Developer: JILI DU (6LGTHU6UWQ)";
				COPY_PHASE_STRIP = NO;
				FRAMEWORK_SEARCH_PATHS = (
					"$(inherited)",
					"\"$(SDKROOT)$(SYSTEM_LIBRARY_DIR)/PrivateFrameworks\"",
				);
				GCC_DYNAMIC_NO_PIC = NO;
				GCC_OPTIMIZATION_LEVEL = 0;
				GCC_PRECOMPILE_PREFIX_HEADER = YES;
				GCC_PREFIX_HEADER = "TKD Score_Prefix.pch";
				INFOPLIST_FILE = Info.plist;
				IPHONEOS_DEPLOYMENT_TARGET = 5.0;
				LIBRARY_SEARCH_PATHS = (
					"$(inherited)",
					"\"$(SDKROOT)$(SYSTEM_LIBRARY_DIR)/PrivateFrameworks/BluetoothManager.framework\"",
				);
				PRODUCT_NAME = "TKD Score";
				PROVISIONING_PROFILE = "B5EFEE5C-B9CB-4081-BB2E-FEFD622716A1";
				SDKROOT = iphoneos5.0;
				TARGETED_DEVICE_FAMILY = 1;
			};
			name = Debug;
		};
		1D6058950D05DD3E006BFB54 /* Release */ = {
			isa = XCBuildConfiguration;
			buildSettings = {
				ALWAYS_SEARCH_USER_PATHS = NO;
				ARCHS = "$(ARCHS_STANDARD_32_BIT)";
				CODE_SIGN_IDENTITY = "iPhone Developer: JILI DU (6LGTHU6UWQ)";
				COPY_PHASE_STRIP = YES;
				FRAMEWORK_SEARCH_PATHS = (
					"$(inherited)",
					"\"$(SDKROOT)$(SYSTEM_LIBRARY_DIR)/PrivateFrameworks\"",
				);
				GCC_PRECOMPILE_PREFIX_HEADER = YES;
				GCC_PREFIX_HEADER = "TKD Score_Prefix.pch";
				INFOPLIST_FILE = Info.plist;
				IPHONEOS_DEPLOYMENT_TARGET = 5.0;
				LIBRARY_SEARCH_PATHS = (
					"$(inherited)",
					"\"$(SDKROOT)$(SYSTEM_LIBRARY_DIR)/PrivateFrameworks/BluetoothManager.framework\"",
				);
				PRODUCT_NAME = "TKD Score";
				PROVISIONING_PROFILE = "B5EFEE5C-B9CB-4081-BB2E-FEFD622716A1";
				SDKROOT = iphoneos5.0;
				TARGETED_DEVICE_FAMILY = 1;
			};
			name = Release;
		};
		C01FCF4F08A954540054247B /* Debug */ = {
			isa = XCBuildConfiguration;
			buildSettings = {
				ARCHS = "$(ARCHS_STANDARD_32_BIT)";
				CODE_SIGN_IDENTITY = "iPhone Developer: JILI DU (6LGTHU6UWQ)";
				GCC_C_LANGUAGE_STANDARD = c99;
				GCC_WARN_ABOUT_RETURN_TYPE = YES;
				GCC_WARN_UNUSED_VARIABLE = YES;
				ONLY_ACTIVE_ARCH = YES;
				PROVISIONING_PROFILE = "EDECDD06-210A-42CA-A41E-267D3128BE07";
				SDKROOT = iphoneos5.0;
				TARGETED_DEVICE_FAMILY = 1;
			};
			name = Debug;
		};
		C01FCF5008A954540054247B /* Release */ = {
			isa = XCBuildConfiguration;
			buildSettings = {
				ARCHS = "$(ARCHS_STANDARD_32_BIT)";
				CODE_SIGN_IDENTITY = "iPhone Developer: JILI DU (6LGTHU6UWQ)";
				GCC_C_LANGUAGE_STANDARD = c99;
				GCC_WARN_ABOUT_RETURN_TYPE = YES;
				GCC_WARN_UNUSED_VARIABLE = YES;
				PROVISIONING_PROFILE = "EDECDD06-210A-42CA-A41E-267D3128BE07";
				SDKROOT = iphoneos5.0;
				TARGETED_DEVICE_FAMILY = 1;
			};
			name = Release;
		};
		DA78B47815A96F0100E186CC /* Debug */ = {
			isa = XCBuildConfiguration;
			buildSettings = {
				ALWAYS_SEARCH_USER_PATHS = NO;
				ARCHS = "$(ARCHS_STANDARD_32_BIT)";
				CODE_SIGN_IDENTITY = "iPhone Developer: JILI DU (6LGTHU6UWQ)";
				COPY_PHASE_STRIP = NO;
				FRAMEWORK_SEARCH_PATHS = (
					"$(inherited)",
					"\"$(SDKROOT)$(SYSTEM_LIBRARY_DIR)/PrivateFrameworks\"",
				);
				GCC_DYNAMIC_NO_PIC = NO;
				GCC_OPTIMIZATION_LEVEL = 0;
				GCC_PRECOMPILE_PREFIX_HEADER = YES;
				GCC_PREFIX_HEADER = "TKD Score_Prefix.pch";
				INFOPLIST_FILE = "TKD Score-iPad.plist";
				IPHONEOS_DEPLOYMENT_TARGET = 5.0;
				PRODUCT_NAME = "TKD Score HD";
				PROVISIONING_PROFILE = "B5EFEE5C-B9CB-4081-BB2E-FEFD622716A1";
				SDKROOT = iphoneos5.0;
				TARGETED_DEVICE_FAMILY = 2;
			};
			name = Debug;
		};
		DA78B47915A96F0100E186CC /* Release */ = {
			isa = XCBuildConfiguration;
			buildSettings = {
				ALWAYS_SEARCH_USER_PATHS = NO;
				ARCHS = "$(ARCHS_STANDARD_32_BIT)";
				CODE_SIGN_IDENTITY = "iPhone Developer: JILI DU (6LGTHU6UWQ)";
				COPY_PHASE_STRIP = YES;
				FRAMEWORK_SEARCH_PATHS = (
					"$(inherited)",
					"\"$(SDKROOT)$(SYSTEM_LIBRARY_DIR)/PrivateFrameworks\"",
				);
				GCC_PRECOMPILE_PREFIX_HEADER = YES;
				GCC_PREFIX_HEADER = "TKD Score_Prefix.pch";
				INFOPLIST_FILE = "TKD Score-iPad.plist";
				IPHONEOS_DEPLOYMENT_TARGET = 5.0;
				PRODUCT_NAME = "TKD Score HD";
				PROVISIONING_PROFILE = "B5EFEE5C-B9CB-4081-BB2E-FEFD622716A1";
				SDKROOT = iphoneos5.0;
				TARGETED_DEVICE_FAMILY = 2;
			};
			name = Release;
		};
/* End XCBuildConfiguration section */

/* Begin XCConfigurationList section */
		1D6058960D05DD3E006BFB54 /* Build configuration list for PBXNativeTarget "TKD Score" */ = {
			isa = XCConfigurationList;
			buildConfigurations = (
				1D6058940D05DD3E006BFB54 /* Debug */,
				1D6058950D05DD3E006BFB54 /* Release */,
			);
			defaultConfigurationIsVisible = 0;
			defaultConfigurationName = Release;
		};
		C01FCF4E08A954540054247B /* Build configuration list for PBXProject "TKD Score" */ = {
			isa = XCConfigurationList;
			buildConfigurations = (
				C01FCF4F08A954540054247B /* Debug */,
				C01FCF5008A954540054247B /* Release */,
			);
			defaultConfigurationIsVisible = 0;
			defaultConfigurationName = Release;
		};
		DA78B47715A96F0100E186CC /* Build configuration list for PBXNativeTarget "TKD Score-iPad" */ = {
			isa = XCConfigurationList;
			buildConfigurations = (
				DA78B47815A96F0100E186CC /* Debug */,
				DA78B47915A96F0100E186CC /* Release */,
			);
			defaultConfigurationIsVisible = 0;
			defaultConfigurationName = Release;
		};
/* End XCConfigurationList section */
	};
	rootObject = 29B97313FDCFA39411CA2CEA /* Project object */;
}
